// !$*UTF8*$!
{
	archiveVersion = 1;
	classes = {
	};
	objectVersion = 48;
	objects = {

/* Begin PBXBuildFile section */
		BA21B29E218BF0A4002DB83F /* LHQStaticTableVC.m in Sources */ = {isa = PBXBuildFile; fileRef = BA21B29D218BF0A4002DB83F /* LHQStaticTableVC.m */; };
		BA21B2A1218BF119002DB83F /* LHQWordItem.m in Sources */ = {isa = PBXBuildFile; fileRef = BA21B2A0218BF119002DB83F /* LHQWordItem.m */; };
		BA21B2A4218BF2F9002DB83F /* LHQWordArrowItem.m in Sources */ = {isa = PBXBuildFile; fileRef = BA21B2A3218BF2F9002DB83F /* LHQWordArrowItem.m */; };
		BA21B2A7218BF364002DB83F /* LHQItemSection.m in Sources */ = {isa = PBXBuildFile; fileRef = BA21B2A6218BF364002DB83F /* LHQItemSection.m */; };
		BA21B2AA218BF54F002DB83F /* LHQSettingCell.m in Sources */ = {isa = PBXBuildFile; fileRef = BA21B2A9218BF54F002DB83F /* LHQSettingCell.m */; };
		BA65D66121902B4B0046B132 /* LHQVerticalFlowLayout.m in Sources */ = {isa = PBXBuildFile; fileRef = BA65D66021902B4B0046B132 /* LHQVerticalFlowLayout.m */; };
		BA65D66421902EF20046B132 /* LHQHorizontalFlowLayout.m in Sources */ = {isa = PBXBuildFile; fileRef = BA65D66321902EF20046B132 /* LHQHorizontalFlowLayout.m */; };
		BA65D667219033310046B132 /* LHQElementsFlowLayout.m in Sources */ = {isa = PBXBuildFile; fileRef = BA65D666219033310046B132 /* LHQElementsFlowLayout.m */; };
		BA65D66A219036020046B132 /* LHQCollectionVC.m in Sources */ = {isa = PBXBuildFile; fileRef = BA65D669219036020046B132 /* LHQCollectionVC.m */; };
		BA65D66D21904B8F0046B132 /* LHQRefreshTableViewVC.m in Sources */ = {isa = PBXBuildFile; fileRef = BA65D66C21904B8F0046B132 /* LHQRefreshTableViewVC.m */; };
		BA65D67021904C420046B132 /* LHQNormalRefreshHeader.m in Sources */ = {isa = PBXBuildFile; fileRef = BA65D66F21904C420046B132 /* LHQNormalRefreshHeader.m */; };
		BA65D67321904D6B0046B132 /* LHQAutoRefreshFooter.m in Sources */ = {isa = PBXBuildFile; fileRef = BA65D67221904D6B0046B132 /* LHQAutoRefreshFooter.m */; };
		BA7F2C90218AA44900DBE4B7 /* LHQNavigationBar.m in Sources */ = {isa = PBXBuildFile; fileRef = BA7F2C8F218AA44900DBE4B7 /* LHQNavigationBar.m */; };
		BA7F2C96218ACABB00DBE4B7 /* UIView+Frame.m in Sources */ = {isa = PBXBuildFile; fileRef = BA7F2C95218ACABB00DBE4B7 /* UIView+Frame.m */; };
		BA7F2C9C218AD64400DBE4B7 /* UIColor+Random.m in Sources */ = {isa = PBXBuildFile; fileRef = BA7F2C99218AD64400DBE4B7 /* UIColor+Random.m */; };
		BA7F2C9F218AD6AB00DBE4B7 /* MBProgressHUD+Extension.m in Sources */ = {isa = PBXBuildFile; fileRef = BA7F2C9E218AD6AB00DBE4B7 /* MBProgressHUD+Extension.m */; };
		BA7F2CA6218AD7FB00DBE4B7 /* LHQRequestManager.m in Sources */ = {isa = PBXBuildFile; fileRef = BA7F2CA1218AD7FA00DBE4B7 /* LHQRequestManager.m */; };
		BA7F2CA7218AD7FB00DBE4B7 /* LHQBaseRequest.m in Sources */ = {isa = PBXBuildFile; fileRef = BA7F2CA2218AD7FB00DBE4B7 /* LHQBaseRequest.m */; };
		BA7F2CA8218AD7FB00DBE4B7 /* LHQBaseResponse.m in Sources */ = {isa = PBXBuildFile; fileRef = BA7F2CA4218AD7FB00DBE4B7 /* LHQBaseResponse.m */; };
		BA7F2CAE218ADF8200DBE4B7 /* LHQNavigationVC.m in Sources */ = {isa = PBXBuildFile; fileRef = BA7F2CAD218ADF8200DBE4B7 /* LHQNavigationVC.m */; };
		BA7F2CB1218AE05900DBE4B7 /* LHQNavUIBaseVC.m in Sources */ = {isa = PBXBuildFile; fileRef = BA7F2CB0218AE05900DBE4B7 /* LHQNavUIBaseVC.m */; };
		BA7F2CB4218AF0FE00DBE4B7 /* LHQTextViewVC.m in Sources */ = {isa = PBXBuildFile; fileRef = BA7F2CB3218AF0FE00DBE4B7 /* LHQTextViewVC.m */; };
		BA7F2CB7218AF49C00DBE4B7 /* LHQRequestBaseVC.m in Sources */ = {isa = PBXBuildFile; fileRef = BA7F2CB6218AF49C00DBE4B7 /* LHQRequestBaseVC.m */; };
		BA7F2CBA218AF8D100DBE4B7 /* LHQBaseViewVC.m in Sources */ = {isa = PBXBuildFile; fileRef = BA7F2CB9218AF8D100DBE4B7 /* LHQBaseViewVC.m */; };
		BA7F2CBD218AFA0100DBE4B7 /* LHQTableViewVC.m in Sources */ = {isa = PBXBuildFile; fileRef = BA7F2CBC218AFA0100DBE4B7 /* LHQTableViewVC.m */; };
		BA94EEF92189B2F4006952FB /* LHQAppDelegate.m in Sources */ = {isa = PBXBuildFile; fileRef = BA94EEF82189B2F4006952FB /* LHQAppDelegate.m */; };
		BA94EEFF2189B2F4006952FB /* Main.storyboard in Resources */ = {isa = PBXBuildFile; fileRef = BA94EEFD2189B2F4006952FB /* Main.storyboard */; };
		BA94EF012189B2F8006952FB /* Assets.xcassets in Resources */ = {isa = PBXBuildFile; fileRef = BA94EF002189B2F8006952FB /* Assets.xcassets */; };
		BA94EF042189B2F8006952FB /* LaunchScreen.storyboard in Resources */ = {isa = PBXBuildFile; fileRef = BA94EF022189B2F8006952FB /* LaunchScreen.storyboard */; };
		BA94EF072189B2F8006952FB /* main.m in Sources */ = {isa = PBXBuildFile; fileRef = BA94EF062189B2F8006952FB /* main.m */; };
		BA94EF112189B2F8006952FB /* iOSLHQProjectTests.m in Sources */ = {isa = PBXBuildFile; fileRef = BA94EF102189B2F8006952FB /* iOSLHQProjectTests.m */; };
		BA94EF1C2189B2F8006952FB /* iOSLHQProjectUITests.m in Sources */ = {isa = PBXBuildFile; fileRef = BA94EF1B2189B2F8006952FB /* iOSLHQProjectUITests.m */; };
		C1BFB8ADC4AC1EA558A49E35 /* libPods-iOSLHQProjectTests.a in Frameworks */ = {isa = PBXBuildFile; fileRef = 425E8D2EFE09A57C73A467D9 /* libPods-iOSLHQProjectTests.a */; };
		E19308F8A9605E676FE5859D /* libPods-iOSLHQProjectUITests.a in Frameworks */ = {isa = PBXBuildFile; fileRef = F2BD98021FADACBB876D6B07 /* libPods-iOSLHQProjectUITests.a */; };
		ECF76A93B5914666276A9361 /* libPods-iOSLHQProject.a in Frameworks */ = {isa = PBXBuildFile; fileRef = DF4B9A7FCB0EAC322478515E /* libPods-iOSLHQProject.a */; };
/* End PBXBuildFile section */

/* Begin PBXContainerItemProxy section */
		BA94EF0D2189B2F8006952FB /* PBXContainerItemProxy */ = {
			isa = PBXContainerItemProxy;
			containerPortal = BA94EEEC2189B2F4006952FB /* Project object */;
			proxyType = 1;
			remoteGlobalIDString = BA94EEF32189B2F4006952FB;
			remoteInfo = iOSLHQProject;
		};
		BA94EF182189B2F8006952FB /* PBXContainerItemProxy */ = {
			isa = PBXContainerItemProxy;
			containerPortal = BA94EEEC2189B2F4006952FB /* Project object */;
			proxyType = 1;
			remoteGlobalIDString = BA94EEF32189B2F4006952FB;
			remoteInfo = iOSLHQProject;
		};
/* End PBXContainerItemProxy section */

/* Begin PBXFileReference section */
		195117ADA40471B0313FAF9E /* Pods-iOSLHQProjectUITests.release.xcconfig */ = {isa = PBXFileReference; includeInIndex = 1; lastKnownFileType = text.xcconfig; name = "Pods-iOSLHQProjectUITests.release.xcconfig"; path = "Pods/Target Support Files/Pods-iOSLHQProjectUITests/Pods-iOSLHQProjectUITests.release.xcconfig"; sourceTree = "<group>"; };
		2B9AB57AF026A6A5C471A8A3 /* Pods-iOSLHQProjectUITests.debug.xcconfig */ = {isa = PBXFileReference; includeInIndex = 1; lastKnownFileType = text.xcconfig; name = "Pods-iOSLHQProjectUITests.debug.xcconfig"; path = "Pods/Target Support Files/Pods-iOSLHQProjectUITests/Pods-iOSLHQProjectUITests.debug.xcconfig"; sourceTree = "<group>"; };
		425E8D2EFE09A57C73A467D9 /* libPods-iOSLHQProjectTests.a */ = {isa = PBXFileReference; explicitFileType = archive.ar; includeInIndex = 0; path = "libPods-iOSLHQProjectTests.a"; sourceTree = BUILT_PRODUCTS_DIR; };
		81345AF9BDABDE5079C632B2 /* Pods-iOSLHQProject.debug.xcconfig */ = {isa = PBXFileReference; includeInIndex = 1; lastKnownFileType = text.xcconfig; name = "Pods-iOSLHQProject.debug.xcconfig"; path = "Pods/Target Support Files/Pods-iOSLHQProject/Pods-iOSLHQProject.debug.xcconfig"; sourceTree = "<group>"; };
		9348A350A515967F17BCC6AD /* Pods-iOSLHQProjectTests.debug.xcconfig */ = {isa = PBXFileReference; includeInIndex = 1; lastKnownFileType = text.xcconfig; name = "Pods-iOSLHQProjectTests.debug.xcconfig"; path = "Pods/Target Support Files/Pods-iOSLHQProjectTests/Pods-iOSLHQProjectTests.debug.xcconfig"; sourceTree = "<group>"; };
		9C2B81B0CDC8293DB9824FA1 /* Pods-iOSLHQProject.release.xcconfig */ = {isa = PBXFileReference; includeInIndex = 1; lastKnownFileType = text.xcconfig; name = "Pods-iOSLHQProject.release.xcconfig"; path = "Pods/Target Support Files/Pods-iOSLHQProject/Pods-iOSLHQProject.release.xcconfig"; sourceTree = "<group>"; };
		BA21B29C218BF0A4002DB83F /* LHQStaticTableVC.h */ = {isa = PBXFileReference; lastKnownFileType = sourcecode.c.h; path = LHQStaticTableVC.h; sourceTree = "<group>"; };
		BA21B29D218BF0A4002DB83F /* LHQStaticTableVC.m */ = {isa = PBXFileReference; lastKnownFileType = sourcecode.c.objc; path = LHQStaticTableVC.m; sourceTree = "<group>"; };
		BA21B29F218BF119002DB83F /* LHQWordItem.h */ = {isa = PBXFileReference; lastKnownFileType = sourcecode.c.h; path = LHQWordItem.h; sourceTree = "<group>"; };
		BA21B2A0218BF119002DB83F /* LHQWordItem.m */ = {isa = PBXFileReference; lastKnownFileType = sourcecode.c.objc; path = LHQWordItem.m; sourceTree = "<group>"; };
		BA21B2A2218BF2F9002DB83F /* LHQWordArrowItem.h */ = {isa = PBXFileReference; lastKnownFileType = sourcecode.c.h; path = LHQWordArrowItem.h; sourceTree = "<group>"; };
		BA21B2A3218BF2F9002DB83F /* LHQWordArrowItem.m */ = {isa = PBXFileReference; lastKnownFileType = sourcecode.c.objc; path = LHQWordArrowItem.m; sourceTree = "<group>"; };
		BA21B2A5218BF364002DB83F /* LHQItemSection.h */ = {isa = PBXFileReference; lastKnownFileType = sourcecode.c.h; path = LHQItemSection.h; sourceTree = "<group>"; };
		BA21B2A6218BF364002DB83F /* LHQItemSection.m */ = {isa = PBXFileReference; lastKnownFileType = sourcecode.c.objc; path = LHQItemSection.m; sourceTree = "<group>"; };
		BA21B2A8218BF54F002DB83F /* LHQSettingCell.h */ = {isa = PBXFileReference; lastKnownFileType = sourcecode.c.h; path = LHQSettingCell.h; sourceTree = "<group>"; };
		BA21B2A9218BF54F002DB83F /* LHQSettingCell.m */ = {isa = PBXFileReference; lastKnownFileType = sourcecode.c.objc; path = LHQSettingCell.m; sourceTree = "<group>"; };
		BA65D65F21902B4B0046B132 /* LHQVerticalFlowLayout.h */ = {isa = PBXFileReference; lastKnownFileType = sourcecode.c.h; path = LHQVerticalFlowLayout.h; sourceTree = "<group>"; };
		BA65D66021902B4B0046B132 /* LHQVerticalFlowLayout.m */ = {isa = PBXFileReference; lastKnownFileType = sourcecode.c.objc; path = LHQVerticalFlowLayout.m; sourceTree = "<group>"; };
		BA65D66221902EF20046B132 /* LHQHorizontalFlowLayout.h */ = {isa = PBXFileReference; lastKnownFileType = sourcecode.c.h; path = LHQHorizontalFlowLayout.h; sourceTree = "<group>"; };
		BA65D66321902EF20046B132 /* LHQHorizontalFlowLayout.m */ = {isa = PBXFileReference; lastKnownFileType = sourcecode.c.objc; path = LHQHorizontalFlowLayout.m; sourceTree = "<group>"; };
		BA65D665219033310046B132 /* LHQElementsFlowLayout.h */ = {isa = PBXFileReference; lastKnownFileType = sourcecode.c.h; path = LHQElementsFlowLayout.h; sourceTree = "<group>"; };
		BA65D666219033310046B132 /* LHQElementsFlowLayout.m */ = {isa = PBXFileReference; lastKnownFileType = sourcecode.c.objc; path = LHQElementsFlowLayout.m; sourceTree = "<group>"; };
		BA65D668219036020046B132 /* LHQCollectionVC.h */ = {isa = PBXFileReference; lastKnownFileType = sourcecode.c.h; path = LHQCollectionVC.h; sourceTree = "<group>"; };
		BA65D669219036020046B132 /* LHQCollectionVC.m */ = {isa = PBXFileReference; lastKnownFileType = sourcecode.c.objc; path = LHQCollectionVC.m; sourceTree = "<group>"; };
		BA65D66B21904B8F0046B132 /* LHQRefreshTableViewVC.h */ = {isa = PBXFileReference; lastKnownFileType = sourcecode.c.h; path = LHQRefreshTableViewVC.h; sourceTree = "<group>"; };
		BA65D66C21904B8F0046B132 /* LHQRefreshTableViewVC.m */ = {isa = PBXFileReference; lastKnownFileType = sourcecode.c.objc; path = LHQRefreshTableViewVC.m; sourceTree = "<group>"; };
		BA65D66E21904C420046B132 /* LHQNormalRefreshHeader.h */ = {isa = PBXFileReference; lastKnownFileType = sourcecode.c.h; path = LHQNormalRefreshHeader.h; sourceTree = "<group>"; };
		BA65D66F21904C420046B132 /* LHQNormalRefreshHeader.m */ = {isa = PBXFileReference; lastKnownFileType = sourcecode.c.objc; path = LHQNormalRefreshHeader.m; sourceTree = "<group>"; };
		BA65D67121904D6B0046B132 /* LHQAutoRefreshFooter.h */ = {isa = PBXFileReference; lastKnownFileType = sourcecode.c.h; path = LHQAutoRefreshFooter.h; sourceTree = "<group>"; };
		BA65D67221904D6B0046B132 /* LHQAutoRefreshFooter.m */ = {isa = PBXFileReference; lastKnownFileType = sourcecode.c.objc; path = LHQAutoRefreshFooter.m; sourceTree = "<group>"; };
		BA7F2C81218A9EED00DBE4B7 /* LHQiOSProject.pch */ = {isa = PBXFileReference; lastKnownFileType = sourcecode.c.h; path = LHQiOSProject.pch; sourceTree = "<group>"; };
		BA7F2C8E218AA44900DBE4B7 /* LHQNavigationBar.h */ = {isa = PBXFileReference; lastKnownFileType = sourcecode.c.h; path = LHQNavigationBar.h; sourceTree = "<group>"; };
		BA7F2C8F218AA44900DBE4B7 /* LHQNavigationBar.m */ = {isa = PBXFileReference; lastKnownFileType = sourcecode.c.objc; path = LHQNavigationBar.m; sourceTree = "<group>"; };
		BA7F2C94218ACABB00DBE4B7 /* UIView+Frame.h */ = {isa = PBXFileReference; lastKnownFileType = sourcecode.c.h; path = "UIView+Frame.h"; sourceTree = "<group>"; };
		BA7F2C95218ACABB00DBE4B7 /* UIView+Frame.m */ = {isa = PBXFileReference; lastKnownFileType = sourcecode.c.objc; path = "UIView+Frame.m"; sourceTree = "<group>"; };
		BA7F2C97218AD64400DBE4B7 /* UIColor+Random.h */ = {isa = PBXFileReference; fileEncoding = 4; lastKnownFileType = sourcecode.c.h; path = "UIColor+Random.h"; sourceTree = "<group>"; };
		BA7F2C99218AD64400DBE4B7 /* UIColor+Random.m */ = {isa = PBXFileReference; fileEncoding = 4; lastKnownFileType = sourcecode.c.objc; path = "UIColor+Random.m"; sourceTree = "<group>"; };
		BA7F2C9D218AD6AB00DBE4B7 /* MBProgressHUD+Extension.h */ = {isa = PBXFileReference; lastKnownFileType = sourcecode.c.h; path = "MBProgressHUD+Extension.h"; sourceTree = "<group>"; };
		BA7F2C9E218AD6AB00DBE4B7 /* MBProgressHUD+Extension.m */ = {isa = PBXFileReference; lastKnownFileType = sourcecode.c.objc; path = "MBProgressHUD+Extension.m"; sourceTree = "<group>"; };
		BA7F2CA0218AD7FA00DBE4B7 /* LHQRequestManager.h */ = {isa = PBXFileReference; fileEncoding = 4; lastKnownFileType = sourcecode.c.h; path = LHQRequestManager.h; sourceTree = "<group>"; };
		BA7F2CA1218AD7FA00DBE4B7 /* LHQRequestManager.m */ = {isa = PBXFileReference; fileEncoding = 4; lastKnownFileType = sourcecode.c.objc; path = LHQRequestManager.m; sourceTree = "<group>"; };
		BA7F2CA2218AD7FB00DBE4B7 /* LHQBaseRequest.m */ = {isa = PBXFileReference; fileEncoding = 4; lastKnownFileType = sourcecode.c.objc; path = LHQBaseRequest.m; sourceTree = "<group>"; };
		BA7F2CA3218AD7FB00DBE4B7 /* LHQBaseResponse.h */ = {isa = PBXFileReference; fileEncoding = 4; lastKnownFileType = sourcecode.c.h; path = LHQBaseResponse.h; sourceTree = "<group>"; };
		BA7F2CA4218AD7FB00DBE4B7 /* LHQBaseResponse.m */ = {isa = PBXFileReference; fileEncoding = 4; lastKnownFileType = sourcecode.c.objc; path = LHQBaseResponse.m; sourceTree = "<group>"; };
		BA7F2CA5218AD7FB00DBE4B7 /* LHQBaseRequest.h */ = {isa = PBXFileReference; fileEncoding = 4; lastKnownFileType = sourcecode.c.h; path = LHQBaseRequest.h; sourceTree = "<group>"; };
		BA7F2CAC218ADF8200DBE4B7 /* LHQNavigationVC.h */ = {isa = PBXFileReference; lastKnownFileType = sourcecode.c.h; path = LHQNavigationVC.h; sourceTree = "<group>"; };
		BA7F2CAD218ADF8200DBE4B7 /* LHQNavigationVC.m */ = {isa = PBXFileReference; lastKnownFileType = sourcecode.c.objc; path = LHQNavigationVC.m; sourceTree = "<group>"; };
		BA7F2CAF218AE05900DBE4B7 /* LHQNavUIBaseVC.h */ = {isa = PBXFileReference; lastKnownFileType = sourcecode.c.h; path = LHQNavUIBaseVC.h; sourceTree = "<group>"; };
		BA7F2CB0218AE05900DBE4B7 /* LHQNavUIBaseVC.m */ = {isa = PBXFileReference; lastKnownFileType = sourcecode.c.objc; path = LHQNavUIBaseVC.m; sourceTree = "<group>"; };
		BA7F2CB2218AF0FE00DBE4B7 /* LHQTextViewVC.h */ = {isa = PBXFileReference; lastKnownFileType = sourcecode.c.h; path = LHQTextViewVC.h; sourceTree = "<group>"; };
		BA7F2CB3218AF0FE00DBE4B7 /* LHQTextViewVC.m */ = {isa = PBXFileReference; lastKnownFileType = sourcecode.c.objc; path = LHQTextViewVC.m; sourceTree = "<group>"; };
		BA7F2CB5218AF49C00DBE4B7 /* LHQRequestBaseVC.h */ = {isa = PBXFileReference; lastKnownFileType = sourcecode.c.h; path = LHQRequestBaseVC.h; sourceTree = "<group>"; };
		BA7F2CB6218AF49C00DBE4B7 /* LHQRequestBaseVC.m */ = {isa = PBXFileReference; lastKnownFileType = sourcecode.c.objc; path = LHQRequestBaseVC.m; sourceTree = "<group>"; };
		BA7F2CB8218AF8D100DBE4B7 /* LHQBaseViewVC.h */ = {isa = PBXFileReference; lastKnownFileType = sourcecode.c.h; path = LHQBaseViewVC.h; sourceTree = "<group>"; };
		BA7F2CB9218AF8D100DBE4B7 /* LHQBaseViewVC.m */ = {isa = PBXFileReference; lastKnownFileType = sourcecode.c.objc; path = LHQBaseViewVC.m; sourceTree = "<group>"; };
		BA7F2CBB218AFA0100DBE4B7 /* LHQTableViewVC.h */ = {isa = PBXFileReference; lastKnownFileType = sourcecode.c.h; path = LHQTableViewVC.h; sourceTree = "<group>"; };
		BA7F2CBC218AFA0100DBE4B7 /* LHQTableViewVC.m */ = {isa = PBXFileReference; lastKnownFileType = sourcecode.c.objc; path = LHQTableViewVC.m; sourceTree = "<group>"; };
		BA94EEF42189B2F4006952FB /* iOSLHQProject.app */ = {isa = PBXFileReference; explicitFileType = wrapper.application; includeInIndex = 0; path = iOSLHQProject.app; sourceTree = BUILT_PRODUCTS_DIR; };
		BA94EEF72189B2F4006952FB /* LHQAppDelegate.h */ = {isa = PBXFileReference; lastKnownFileType = sourcecode.c.h; path = LHQAppDelegate.h; sourceTree = "<group>"; };
		BA94EEF82189B2F4006952FB /* LHQAppDelegate.m */ = {isa = PBXFileReference; lastKnownFileType = sourcecode.c.objc; path = LHQAppDelegate.m; sourceTree = "<group>"; };
		BA94EEFE2189B2F4006952FB /* Base */ = {isa = PBXFileReference; lastKnownFileType = file.storyboard; name = Base; path = Base.lproj/Main.storyboard; sourceTree = "<group>"; };
		BA94EF002189B2F8006952FB /* Assets.xcassets */ = {isa = PBXFileReference; lastKnownFileType = folder.assetcatalog; path = Assets.xcassets; sourceTree = "<group>"; };
		BA94EF032189B2F8006952FB /* Base */ = {isa = PBXFileReference; lastKnownFileType = file.storyboard; name = Base; path = Base.lproj/LaunchScreen.storyboard; sourceTree = "<group>"; };
		BA94EF052189B2F8006952FB /* Info.plist */ = {isa = PBXFileReference; lastKnownFileType = text.plist.xml; path = Info.plist; sourceTree = "<group>"; };
		BA94EF062189B2F8006952FB /* main.m */ = {isa = PBXFileReference; lastKnownFileType = sourcecode.c.objc; path = main.m; sourceTree = "<group>"; };
		BA94EF0C2189B2F8006952FB /* iOSLHQProjectTests.xctest */ = {isa = PBXFileReference; explicitFileType = wrapper.cfbundle; includeInIndex = 0; path = iOSLHQProjectTests.xctest; sourceTree = BUILT_PRODUCTS_DIR; };
		BA94EF102189B2F8006952FB /* iOSLHQProjectTests.m */ = {isa = PBXFileReference; lastKnownFileType = sourcecode.c.objc; path = iOSLHQProjectTests.m; sourceTree = "<group>"; };
		BA94EF122189B2F8006952FB /* Info.plist */ = {isa = PBXFileReference; lastKnownFileType = text.plist.xml; path = Info.plist; sourceTree = "<group>"; };
		BA94EF172189B2F8006952FB /* iOSLHQProjectUITests.xctest */ = {isa = PBXFileReference; explicitFileType = wrapper.cfbundle; includeInIndex = 0; path = iOSLHQProjectUITests.xctest; sourceTree = BUILT_PRODUCTS_DIR; };
		BA94EF1B2189B2F8006952FB /* iOSLHQProjectUITests.m */ = {isa = PBXFileReference; lastKnownFileType = sourcecode.c.objc; path = iOSLHQProjectUITests.m; sourceTree = "<group>"; };
		BA94EF1D2189B2F8006952FB /* Info.plist */ = {isa = PBXFileReference; lastKnownFileType = text.plist.xml; path = Info.plist; sourceTree = "<group>"; };
		DF4B9A7FCB0EAC322478515E /* libPods-iOSLHQProject.a */ = {isa = PBXFileReference; explicitFileType = archive.ar; includeInIndex = 0; path = "libPods-iOSLHQProject.a"; sourceTree = BUILT_PRODUCTS_DIR; };
		E31F5B047DC7808A1333BC75 /* Pods-iOSLHQProjectTests.release.xcconfig */ = {isa = PBXFileReference; includeInIndex = 1; lastKnownFileType = text.xcconfig; name = "Pods-iOSLHQProjectTests.release.xcconfig"; path = "Pods/Target Support Files/Pods-iOSLHQProjectTests/Pods-iOSLHQProjectTests.release.xcconfig"; sourceTree = "<group>"; };
		F2BD98021FADACBB876D6B07 /* libPods-iOSLHQProjectUITests.a */ = {isa = PBXFileReference; explicitFileType = archive.ar; includeInIndex = 0; path = "libPods-iOSLHQProjectUITests.a"; sourceTree = BUILT_PRODUCTS_DIR; };
/* End PBXFileReference section */

/* Begin PBXFrameworksBuildPhase section */
		BA94EEF12189B2F4006952FB /* Frameworks */ = {
			isa = PBXFrameworksBuildPhase;
			buildActionMask = 2147483647;
			files = (
				ECF76A93B5914666276A9361 /* libPods-iOSLHQProject.a in Frameworks */,
			);
			runOnlyForDeploymentPostprocessing = 0;
		};
		BA94EF092189B2F8006952FB /* Frameworks */ = {
			isa = PBXFrameworksBuildPhase;
			buildActionMask = 2147483647;
			files = (
				C1BFB8ADC4AC1EA558A49E35 /* libPods-iOSLHQProjectTests.a in Frameworks */,
			);
			runOnlyForDeploymentPostprocessing = 0;
		};
		BA94EF142189B2F8006952FB /* Frameworks */ = {
			isa = PBXFrameworksBuildPhase;
			buildActionMask = 2147483647;
			files = (
				E19308F8A9605E676FE5859D /* libPods-iOSLHQProjectUITests.a in Frameworks */,
			);
			runOnlyForDeploymentPostprocessing = 0;
		};
/* End PBXFrameworksBuildPhase section */

/* Begin PBXGroup section */
		0ED2F5C7EB3B95B2DC75779F /* Pods */ = {
			isa = PBXGroup;
			children = (
				81345AF9BDABDE5079C632B2 /* Pods-iOSLHQProject.debug.xcconfig */,
				9C2B81B0CDC8293DB9824FA1 /* Pods-iOSLHQProject.release.xcconfig */,
				9348A350A515967F17BCC6AD /* Pods-iOSLHQProjectTests.debug.xcconfig */,
				E31F5B047DC7808A1333BC75 /* Pods-iOSLHQProjectTests.release.xcconfig */,
				2B9AB57AF026A6A5C471A8A3 /* Pods-iOSLHQProjectUITests.debug.xcconfig */,
				195117ADA40471B0313FAF9E /* Pods-iOSLHQProjectUITests.release.xcconfig */,
			);
			name = Pods;
			sourceTree = "<group>";
		};
		BA7F2C82218AA06000DBE4B7 /* Classes */ = {
			isa = PBXGroup;
			children = (
				BA7F2C83218AA07500DBE4B7 /* Network */,
				BA7F2C84218AA09800DBE4B7 /* Category */,
				BA7F2C85218AA0A900DBE4B7 /* Helpers */,
				BA7F2C86218AA0BE00DBE4B7 /* LHQBase */,
				BA7F2C87218AA33700DBE4B7 /* LHQControllers */,
				BA7F2C88218AA34C00DBE4B7 /* LHQViews */,
				BA7F2C89218AA37500DBE4B7 /* LHQModels */,
			);
			path = Classes;
			sourceTree = "<group>";
		};
		BA7F2C83218AA07500DBE4B7 /* Network */ = {
			isa = PBXGroup;
			children = (
				BA7F2CA5218AD7FB00DBE4B7 /* LHQBaseRequest.h */,
				BA7F2CA2218AD7FB00DBE4B7 /* LHQBaseRequest.m */,
				BA7F2CA3218AD7FB00DBE4B7 /* LHQBaseResponse.h */,
				BA7F2CA4218AD7FB00DBE4B7 /* LHQBaseResponse.m */,
				BA7F2CA0218AD7FA00DBE4B7 /* LHQRequestManager.h */,
				BA7F2CA1218AD7FA00DBE4B7 /* LHQRequestManager.m */,
			);
			path = Network;
			sourceTree = "<group>";
		};
		BA7F2C84218AA09800DBE4B7 /* Category */ = {
			isa = PBXGroup;
			children = (
				BA7F2C94218ACABB00DBE4B7 /* UIView+Frame.h */,
				BA7F2C95218ACABB00DBE4B7 /* UIView+Frame.m */,
				BA7F2C97218AD64400DBE4B7 /* UIColor+Random.h */,
				BA7F2C99218AD64400DBE4B7 /* UIColor+Random.m */,
				BA7F2C9D218AD6AB00DBE4B7 /* MBProgressHUD+Extension.h */,
				BA7F2C9E218AD6AB00DBE4B7 /* MBProgressHUD+Extension.m */,
			);
			path = Category;
			sourceTree = "<group>";
		};
		BA7F2C85218AA0A900DBE4B7 /* Helpers */ = {
			isa = PBXGroup;
			children = (
			);
			path = Helpers;
			sourceTree = "<group>";
		};
		BA7F2C86218AA0BE00DBE4B7 /* LHQBase */ = {
			isa = PBXGroup;
			children = (
				BA7F2C8B218AA3BC00DBE4B7 /* BaseControllers */,
				BA7F2C8C218AA3E100DBE4B7 /* BaseViews */,
				BA7F2C8D218AA3F600DBE4B7 /* BaseModels */,
			);
			path = LHQBase;
			sourceTree = "<group>";
		};
		BA7F2C87218AA33700DBE4B7 /* LHQControllers */ = {
			isa = PBXGroup;
			children = (
			);
			path = LHQControllers;
			sourceTree = "<group>";
		};
		BA7F2C88218AA34C00DBE4B7 /* LHQViews */ = {
			isa = PBXGroup;
			children = (
			);
			path = LHQViews;
			sourceTree = "<group>";
		};
		BA7F2C89218AA37500DBE4B7 /* LHQModels */ = {
			isa = PBXGroup;
			children = (
			);
			name = LHQModels;
			path = LHQViews;
			sourceTree = "<group>";
		};
		BA7F2C8B218AA3BC00DBE4B7 /* BaseControllers */ = {
			isa = PBXGroup;
			children = (
				BA7F2CAC218ADF8200DBE4B7 /* LHQNavigationVC.h */,
				BA7F2CAD218ADF8200DBE4B7 /* LHQNavigationVC.m */,
				BA7F2CAF218AE05900DBE4B7 /* LHQNavUIBaseVC.h */,
				BA7F2CB0218AE05900DBE4B7 /* LHQNavUIBaseVC.m */,
				BA7F2CB2218AF0FE00DBE4B7 /* LHQTextViewVC.h */,
				BA7F2CB3218AF0FE00DBE4B7 /* LHQTextViewVC.m */,
				BA7F2CB5218AF49C00DBE4B7 /* LHQRequestBaseVC.h */,
				BA7F2CB6218AF49C00DBE4B7 /* LHQRequestBaseVC.m */,
				BA7F2CB8218AF8D100DBE4B7 /* LHQBaseViewVC.h */,
				BA7F2CB9218AF8D100DBE4B7 /* LHQBaseViewVC.m */,
				BA7F2CBB218AFA0100DBE4B7 /* LHQTableViewVC.h */,
				BA7F2CBC218AFA0100DBE4B7 /* LHQTableViewVC.m */,
				BA21B29C218BF0A4002DB83F /* LHQStaticTableVC.h */,
				BA21B29D218BF0A4002DB83F /* LHQStaticTableVC.m */,
				BA65D668219036020046B132 /* LHQCollectionVC.h */,
				BA65D669219036020046B132 /* LHQCollectionVC.m */,
				BA65D66B21904B8F0046B132 /* LHQRefreshTableViewVC.h */,
				BA65D66C21904B8F0046B132 /* LHQRefreshTableViewVC.m */,
			);
			path = BaseControllers;
			sourceTree = "<group>";
		};
		BA7F2C8C218AA3E100DBE4B7 /* BaseViews */ = {
			isa = PBXGroup;
			children = (
				BA7F2C8E218AA44900DBE4B7 /* LHQNavigationBar.h */,
				BA7F2C8F218AA44900DBE4B7 /* LHQNavigationBar.m */,
				BA65D66E21904C420046B132 /* LHQNormalRefreshHeader.h */,
				BA65D66F21904C420046B132 /* LHQNormalRefreshHeader.m */,
				BA65D67121904D6B0046B132 /* LHQAutoRefreshFooter.h */,
				BA65D67221904D6B0046B132 /* LHQAutoRefreshFooter.m */,
				BA21B2A8218BF54F002DB83F /* LHQSettingCell.h */,
				BA21B2A9218BF54F002DB83F /* LHQSettingCell.m */,
				BA65D65F21902B4B0046B132 /* LHQVerticalFlowLayout.h */,
				BA65D66021902B4B0046B132 /* LHQVerticalFlowLayout.m */,
				BA65D66221902EF20046B132 /* LHQHorizontalFlowLayout.h */,
				BA65D66321902EF20046B132 /* LHQHorizontalFlowLayout.m */,
				BA65D665219033310046B132 /* LHQElementsFlowLayout.h */,
				BA65D666219033310046B132 /* LHQElementsFlowLayout.m */,
			);
			path = BaseViews;
			sourceTree = "<group>";
		};
		BA7F2C8D218AA3F600DBE4B7 /* BaseModels */ = {
			isa = PBXGroup;
			children = (
				BA21B29F218BF119002DB83F /* LHQWordItem.h */,
				BA21B2A0218BF119002DB83F /* LHQWordItem.m */,
				BA21B2A2218BF2F9002DB83F /* LHQWordArrowItem.h */,
				BA21B2A3218BF2F9002DB83F /* LHQWordArrowItem.m */,
				BA21B2A5218BF364002DB83F /* LHQItemSection.h */,
				BA21B2A6218BF364002DB83F /* LHQItemSection.m */,
			);
			path = BaseModels;
			sourceTree = "<group>";
		};
		BA94EEEB2189B2F4006952FB = {
			isa = PBXGroup;
			children = (
				BA94EEF62189B2F4006952FB /* iOSLHQProject */,
				BA94EF0F2189B2F8006952FB /* iOSLHQProjectTests */,
				BA94EF1A2189B2F8006952FB /* iOSLHQProjectUITests */,
				BA94EEF52189B2F4006952FB /* Products */,
				0ED2F5C7EB3B95B2DC75779F /* Pods */,
				C307DB285480230252B8E274 /* Frameworks */,
			);
			sourceTree = "<group>";
		};
		BA94EEF52189B2F4006952FB /* Products */ = {
			isa = PBXGroup;
			children = (
				BA94EEF42189B2F4006952FB /* iOSLHQProject.app */,
				BA94EF0C2189B2F8006952FB /* iOSLHQProjectTests.xctest */,
				BA94EF172189B2F8006952FB /* iOSLHQProjectUITests.xctest */,
			);
			name = Products;
			sourceTree = "<group>";
		};
		BA94EEF62189B2F4006952FB /* iOSLHQProject */ = {
			isa = PBXGroup;
			children = (
				BA94EF052189B2F8006952FB /* Info.plist */,
				BA94EF062189B2F8006952FB /* main.m */,
				BA7F2C81218A9EED00DBE4B7 /* LHQiOSProject.pch */,
				BA94EEF72189B2F4006952FB /* LHQAppDelegate.h */,
				BA94EEF82189B2F4006952FB /* LHQAppDelegate.m */,
				BA7F2C82218AA06000DBE4B7 /* Classes */,
				BA94EF002189B2F8006952FB /* Assets.xcassets */,
				BA94EEFD2189B2F4006952FB /* Main.storyboard */,
				BA94EF022189B2F8006952FB /* LaunchScreen.storyboard */,
			);
			path = iOSLHQProject;
			sourceTree = "<group>";
		};
		BA94EF0F2189B2F8006952FB /* iOSLHQProjectTests */ = {
			isa = PBXGroup;
			children = (
				BA94EF102189B2F8006952FB /* iOSLHQProjectTests.m */,
				BA94EF122189B2F8006952FB /* Info.plist */,
			);
			path = iOSLHQProjectTests;
			sourceTree = "<group>";
		};
		BA94EF1A2189B2F8006952FB /* iOSLHQProjectUITests */ = {
			isa = PBXGroup;
			children = (
				BA94EF1B2189B2F8006952FB /* iOSLHQProjectUITests.m */,
				BA94EF1D2189B2F8006952FB /* Info.plist */,
			);
			path = iOSLHQProjectUITests;
			sourceTree = "<group>";
		};
		C307DB285480230252B8E274 /* Frameworks */ = {
			isa = PBXGroup;
			children = (
				DF4B9A7FCB0EAC322478515E /* libPods-iOSLHQProject.a */,
				425E8D2EFE09A57C73A467D9 /* libPods-iOSLHQProjectTests.a */,
				F2BD98021FADACBB876D6B07 /* libPods-iOSLHQProjectUITests.a */,
			);
			name = Frameworks;
			sourceTree = "<group>";
		};
/* End PBXGroup section */

/* Begin PBXNativeTarget section */
		BA94EEF32189B2F4006952FB /* iOSLHQProject */ = {
			isa = PBXNativeTarget;
			buildConfigurationList = BA94EF202189B2F8006952FB /* Build configuration list for PBXNativeTarget "iOSLHQProject" */;
			buildPhases = (
				A7473626EBD5B4F2BB559EBC /* [CP] Check Pods Manifest.lock */,
				BA94EEF02189B2F4006952FB /* Sources */,
				BA94EEF12189B2F4006952FB /* Frameworks */,
				BA94EEF22189B2F4006952FB /* Resources */,
				EF306622E0A014B2A298757F /* [CP] Embed Pods Frameworks */,
				8BD459DD04332E35762A993E /* [CP] Copy Pods Resources */,
			);
			buildRules = (
			);
			dependencies = (
			);
			name = iOSLHQProject;
			productName = iOSLHQProject;
			productReference = BA94EEF42189B2F4006952FB /* iOSLHQProject.app */;
			productType = "com.apple.product-type.application";
		};
		BA94EF0B2189B2F8006952FB /* iOSLHQProjectTests */ = {
			isa = PBXNativeTarget;
			buildConfigurationList = BA94EF232189B2F8006952FB /* Build configuration list for PBXNativeTarget "iOSLHQProjectTests" */;
			buildPhases = (
				FB88DBF5D7D1338D9979688D /* [CP] Check Pods Manifest.lock */,
				BA94EF082189B2F8006952FB /* Sources */,
				BA94EF092189B2F8006952FB /* Frameworks */,
				BA94EF0A2189B2F8006952FB /* Resources */,
				D180F120CA42E006DC9291D5 /* [CP] Embed Pods Frameworks */,
				F4D01E2D05F079D242EBAF7A /* [CP] Copy Pods Resources */,
			);
			buildRules = (
			);
			dependencies = (
				BA94EF0E2189B2F8006952FB /* PBXTargetDependency */,
			);
			name = iOSLHQProjectTests;
			productName = iOSLHQProjectTests;
			productReference = BA94EF0C2189B2F8006952FB /* iOSLHQProjectTests.xctest */;
			productType = "com.apple.product-type.bundle.unit-test";
		};
		BA94EF162189B2F8006952FB /* iOSLHQProjectUITests */ = {
			isa = PBXNativeTarget;
			buildConfigurationList = BA94EF262189B2F8006952FB /* Build configuration list for PBXNativeTarget "iOSLHQProjectUITests" */;
			buildPhases = (
				3872465386ABA877FA84A379 /* [CP] Check Pods Manifest.lock */,
				BA94EF132189B2F8006952FB /* Sources */,
				BA94EF142189B2F8006952FB /* Frameworks */,
				BA94EF152189B2F8006952FB /* Resources */,
				A072936E62A26A94B648126C /* [CP] Embed Pods Frameworks */,
				F6682BCB5FBAF13F2DD01DBB /* [CP] Copy Pods Resources */,
			);
			buildRules = (
			);
			dependencies = (
				BA94EF192189B2F8006952FB /* PBXTargetDependency */,
			);
			name = iOSLHQProjectUITests;
			productName = iOSLHQProjectUITests;
			productReference = BA94EF172189B2F8006952FB /* iOSLHQProjectUITests.xctest */;
			productType = "com.apple.product-type.bundle.ui-testing";
		};
/* End PBXNativeTarget section */

/* Begin PBXProject section */
		BA94EEEC2189B2F4006952FB /* Project object */ = {
			isa = PBXProject;
			attributes = {
				LastUpgradeCheck = 1000;
				ORGANIZATIONNAME = water;
				TargetAttributes = {
					BA94EEF32189B2F4006952FB = {
						CreatedOnToolsVersion = 10.0;
						ProvisioningStyle = Automatic;
					};
					BA94EF0B2189B2F8006952FB = {
						CreatedOnToolsVersion = 10.0;
						ProvisioningStyle = Automatic;
						TestTargetID = BA94EEF32189B2F4006952FB;
					};
					BA94EF162189B2F8006952FB = {
						CreatedOnToolsVersion = 10.0;
						ProvisioningStyle = Automatic;
						TestTargetID = BA94EEF32189B2F4006952FB;
					};
				};
			};
			buildConfigurationList = BA94EEEF2189B2F4006952FB /* Build configuration list for PBXProject "iOSLHQProject" */;
			compatibilityVersion = "Xcode 8.0";
			developmentRegion = en;
			hasScannedForEncodings = 0;
			knownRegions = (
				en,
				Base,
			);
			mainGroup = BA94EEEB2189B2F4006952FB;
			productRefGroup = BA94EEF52189B2F4006952FB /* Products */;
			projectDirPath = "";
			projectRoot = "";
			targets = (
				BA94EEF32189B2F4006952FB /* iOSLHQProject */,
				BA94EF0B2189B2F8006952FB /* iOSLHQProjectTests */,
				BA94EF162189B2F8006952FB /* iOSLHQProjectUITests */,
			);
		};
/* End PBXProject section */

/* Begin PBXResourcesBuildPhase section */
		BA94EEF22189B2F4006952FB /* Resources */ = {
			isa = PBXResourcesBuildPhase;
			buildActionMask = 2147483647;
			files = (
				BA94EF042189B2F8006952FB /* LaunchScreen.storyboard in Resources */,
				BA94EF012189B2F8006952FB /* Assets.xcassets in Resources */,
				BA94EEFF2189B2F4006952FB /* Main.storyboard in Resources */,
			);
			runOnlyForDeploymentPostprocessing = 0;
		};
		BA94EF0A2189B2F8006952FB /* Resources */ = {
			isa = PBXResourcesBuildPhase;
			buildActionMask = 2147483647;
			files = (
			);
			runOnlyForDeploymentPostprocessing = 0;
		};
		BA94EF152189B2F8006952FB /* Resources */ = {
			isa = PBXResourcesBuildPhase;
			buildActionMask = 2147483647;
			files = (
			);
			runOnlyForDeploymentPostprocessing = 0;
		};
/* End PBXResourcesBuildPhase section */

/* Begin PBXShellScriptBuildPhase section */
		3872465386ABA877FA84A379 /* [CP] Check Pods Manifest.lock */ = {
			isa = PBXShellScriptBuildPhase;
			buildActionMask = 2147483647;
			files = (
			);
			inputPaths = (
				"${PODS_PODFILE_DIR_PATH}/Podfile.lock",
				"${PODS_ROOT}/Manifest.lock",
			);
			name = "[CP] Check Pods Manifest.lock";
			outputPaths = (
				"$(DERIVED_FILE_DIR)/Pods-iOSLHQProjectUITests-checkManifestLockResult.txt",
			);
			runOnlyForDeploymentPostprocessing = 0;
			shellPath = /bin/sh;
			shellScript = "diff \"${PODS_PODFILE_DIR_PATH}/Podfile.lock\" \"${PODS_ROOT}/Manifest.lock\" > /dev/null\nif [ $? != 0 ] ; then\n    # print error to STDERR\n    echo \"error: The sandbox is not in sync with the Podfile.lock. Run 'pod install' or update your CocoaPods installation.\" >&2\n    exit 1\nfi\n# This output is used by Xcode 'outputs' to avoid re-running this script phase.\necho \"SUCCESS\" > \"${SCRIPT_OUTPUT_FILE_0}\"\n";
			showEnvVarsInLog = 0;
		};
		8BD459DD04332E35762A993E /* [CP] Copy Pods Resources */ = {
			isa = PBXShellScriptBuildPhase;
			buildActionMask = 2147483647;
			files = (
			);
			inputPaths = (
				"${SRCROOT}/Pods/Target Support Files/Pods-iOSLHQProject/Pods-iOSLHQProject-resources.sh",
				"${PODS_ROOT}/IQKeyboardManager/IQKeyboardManager/Resources/IQKeyboardManager.bundle",
				"${PODS_ROOT}/MJRefresh/MJRefresh/MJRefresh.bundle",
			);
			name = "[CP] Copy Pods Resources";
			outputPaths = (
			);
			runOnlyForDeploymentPostprocessing = 0;
			shellPath = /bin/sh;
			shellScript = "\"${SRCROOT}/Pods/Target Support Files/Pods-iOSLHQProject/Pods-iOSLHQProject-resources.sh\"\n";
			showEnvVarsInLog = 0;
		};
		A072936E62A26A94B648126C /* [CP] Embed Pods Frameworks */ = {
			isa = PBXShellScriptBuildPhase;
			buildActionMask = 2147483647;
			files = (
			);
			inputPaths = (
			);
			name = "[CP] Embed Pods Frameworks";
			outputPaths = (
			);
			runOnlyForDeploymentPostprocessing = 0;
			shellPath = /bin/sh;
			shellScript = "\"${SRCROOT}/Pods/Target Support Files/Pods-iOSLHQProjectUITests/Pods-iOSLHQProjectUITests-frameworks.sh\"\n";
			showEnvVarsInLog = 0;
		};
		A7473626EBD5B4F2BB559EBC /* [CP] Check Pods Manifest.lock */ = {
			isa = PBXShellScriptBuildPhase;
			buildActionMask = 2147483647;
			files = (
			);
			inputPaths = (
				"${PODS_PODFILE_DIR_PATH}/Podfile.lock",
				"${PODS_ROOT}/Manifest.lock",
			);
			name = "[CP] Check Pods Manifest.lock";
			outputPaths = (
				"$(DERIVED_FILE_DIR)/Pods-iOSLHQProject-checkManifestLockResult.txt",
			);
			runOnlyForDeploymentPostprocessing = 0;
			shellPath = /bin/sh;
			shellScript = "diff \"${PODS_PODFILE_DIR_PATH}/Podfile.lock\" \"${PODS_ROOT}/Manifest.lock\" > /dev/null\nif [ $? != 0 ] ; then\n    # print error to STDERR\n    echo \"error: The sandbox is not in sync with the Podfile.lock. Run 'pod install' or update your CocoaPods installation.\" >&2\n    exit 1\nfi\n# This output is used by Xcode 'outputs' to avoid re-running this script phase.\necho \"SUCCESS\" > \"${SCRIPT_OUTPUT_FILE_0}\"\n";
			showEnvVarsInLog = 0;
		};
		D180F120CA42E006DC9291D5 /* [CP] Embed Pods Frameworks */ = {
			isa = PBXShellScriptBuildPhase;
			buildActionMask = 2147483647;
			files = (
			);
			inputPaths = (
			);
			name = "[CP] Embed Pods Frameworks";
			outputPaths = (
			);
			runOnlyForDeploymentPostprocessing = 0;
			shellPath = /bin/sh;
			shellScript = "\"${SRCROOT}/Pods/Target Support Files/Pods-iOSLHQProjectTests/Pods-iOSLHQProjectTests-frameworks.sh\"\n";
			showEnvVarsInLog = 0;
		};
		EF306622E0A014B2A298757F /* [CP] Embed Pods Frameworks */ = {
			isa = PBXShellScriptBuildPhase;
			buildActionMask = 2147483647;
			files = (
			);
			inputPaths = (
			);
			name = "[CP] Embed Pods Frameworks";
			outputPaths = (
			);
			runOnlyForDeploymentPostprocessing = 0;
			shellPath = /bin/sh;
			shellScript = "\"${SRCROOT}/Pods/Target Support Files/Pods-iOSLHQProject/Pods-iOSLHQProject-frameworks.sh\"\n";
			showEnvVarsInLog = 0;
		};
		F4D01E2D05F079D242EBAF7A /* [CP] Copy Pods Resources */ = {
			isa = PBXShellScriptBuildPhase;
			buildActionMask = 2147483647;
			files = (
			);
			inputPaths = (
			);
			name = "[CP] Copy Pods Resources";
			outputPaths = (
			);
			runOnlyForDeploymentPostprocessing = 0;
			shellPath = /bin/sh;
			shellScript = "\"${SRCROOT}/Pods/Target Support Files/Pods-iOSLHQProjectTests/Pods-iOSLHQProjectTests-resources.sh\"\n";
			showEnvVarsInLog = 0;
		};
		F6682BCB5FBAF13F2DD01DBB /* [CP] Copy Pods Resources */ = {
			isa = PBXShellScriptBuildPhase;
			buildActionMask = 2147483647;
			files = (
			);
			inputPaths = (
			);
			name = "[CP] Copy Pods Resources";
			outputPaths = (
			);
			runOnlyForDeploymentPostprocessing = 0;
			shellPath = /bin/sh;
			shellScript = "\"${SRCROOT}/Pods/Target Support Files/Pods-iOSLHQProjectUITests/Pods-iOSLHQProjectUITests-resources.sh\"\n";
			showEnvVarsInLog = 0;
		};
		FB88DBF5D7D1338D9979688D /* [CP] Check Pods Manifest.lock */ = {
			isa = PBXShellScriptBuildPhase;
			buildActionMask = 2147483647;
			files = (
			);
			inputPaths = (
				"${PODS_PODFILE_DIR_PATH}/Podfile.lock",
				"${PODS_ROOT}/Manifest.lock",
			);
			name = "[CP] Check Pods Manifest.lock";
			outputPaths = (
				"$(DERIVED_FILE_DIR)/Pods-iOSLHQProjectTests-checkManifestLockResult.txt",
			);
			runOnlyForDeploymentPostprocessing = 0;
			shellPath = /bin/sh;
			shellScript = "diff \"${PODS_PODFILE_DIR_PATH}/Podfile.lock\" \"${PODS_ROOT}/Manifest.lock\" > /dev/null\nif [ $? != 0 ] ; then\n    # print error to STDERR\n    echo \"error: The sandbox is not in sync with the Podfile.lock. Run 'pod install' or update your CocoaPods installation.\" >&2\n    exit 1\nfi\n# This output is used by Xcode 'outputs' to avoid re-running this script phase.\necho \"SUCCESS\" > \"${SCRIPT_OUTPUT_FILE_0}\"\n";
			showEnvVarsInLog = 0;
		};
/* End PBXShellScriptBuildPhase section */

/* Begin PBXSourcesBuildPhase section */
		BA94EEF02189B2F4006952FB /* Sources */ = {
			isa = PBXSourcesBuildPhase;
			buildActionMask = 2147483647;
			files = (
				BA21B2A4218BF2F9002DB83F /* LHQWordArrowItem.m in Sources */,
				BA7F2C9C218AD64400DBE4B7 /* UIColor+Random.m in Sources */,
				BA21B2AA218BF54F002DB83F /* LHQSettingCell.m in Sources */,
				BA21B2A1218BF119002DB83F /* LHQWordItem.m in Sources */,
				BA7F2C96218ACABB00DBE4B7 /* UIView+Frame.m in Sources */,
				BA65D67021904C420046B132 /* LHQNormalRefreshHeader.m in Sources */,
				BA7F2CBA218AF8D100DBE4B7 /* LHQBaseViewVC.m in Sources */,
				BA65D66A219036020046B132 /* LHQCollectionVC.m in Sources */,
				BA7F2CA7218AD7FB00DBE4B7 /* LHQBaseRequest.m in Sources */,
				BA94EF072189B2F8006952FB /* main.m in Sources */,
				BA65D667219033310046B132 /* LHQElementsFlowLayout.m in Sources */,
				BA7F2CB4218AF0FE00DBE4B7 /* LHQTextViewVC.m in Sources */,
				BA65D67321904D6B0046B132 /* LHQAutoRefreshFooter.m in Sources */,
				BA7F2CA6218AD7FB00DBE4B7 /* LHQRequestManager.m in Sources */,
				BA7F2CB1218AE05900DBE4B7 /* LHQNavUIBaseVC.m in Sources */,
				BA65D66121902B4B0046B132 /* LHQVerticalFlowLayout.m in Sources */,
				BA65D66D21904B8F0046B132 /* LHQRefreshTableViewVC.m in Sources */,
				BA7F2C90218AA44900DBE4B7 /* LHQNavigationBar.m in Sources */,
				BA65D66421902EF20046B132 /* LHQHorizontalFlowLayout.m in Sources */,
				BA7F2CB7218AF49C00DBE4B7 /* LHQRequestBaseVC.m in Sources */,
				BA7F2CBD218AFA0100DBE4B7 /* LHQTableViewVC.m in Sources */,
				BA21B29E218BF0A4002DB83F /* LHQStaticTableVC.m in Sources */,
				BA7F2CAE218ADF8200DBE4B7 /* LHQNavigationVC.m in Sources */,
				BA7F2CA8218AD7FB00DBE4B7 /* LHQBaseResponse.m in Sources */,
				BA94EEF92189B2F4006952FB /* LHQAppDelegate.m in Sources */,
				BA7F2C9F218AD6AB00DBE4B7 /* MBProgressHUD+Extension.m in Sources */,
				BA21B2A7218BF364002DB83F /* LHQItemSection.m in Sources */,
			);
			runOnlyForDeploymentPostprocessing = 0;
		};
		BA94EF082189B2F8006952FB /* Sources */ = {
			isa = PBXSourcesBuildPhase;
			buildActionMask = 2147483647;
			files = (
				BA94EF112189B2F8006952FB /* iOSLHQProjectTests.m in Sources */,
			);
			runOnlyForDeploymentPostprocessing = 0;
		};
		BA94EF132189B2F8006952FB /* Sources */ = {
			isa = PBXSourcesBuildPhase;
			buildActionMask = 2147483647;
			files = (
				BA94EF1C2189B2F8006952FB /* iOSLHQProjectUITests.m in Sources */,
			);
			runOnlyForDeploymentPostprocessing = 0;
		};
/* End PBXSourcesBuildPhase section */

/* Begin PBXTargetDependency section */
		BA94EF0E2189B2F8006952FB /* PBXTargetDependency */ = {
			isa = PBXTargetDependency;
			target = BA94EEF32189B2F4006952FB /* iOSLHQProject */;
			targetProxy = BA94EF0D2189B2F8006952FB /* PBXContainerItemProxy */;
		};
		BA94EF192189B2F8006952FB /* PBXTargetDependency */ = {
			isa = PBXTargetDependency;
			target = BA94EEF32189B2F4006952FB /* iOSLHQProject */;
			targetProxy = BA94EF182189B2F8006952FB /* PBXContainerItemProxy */;
		};
/* End PBXTargetDependency section */

/* Begin PBXVariantGroup section */
		BA94EEFD2189B2F4006952FB /* Main.storyboard */ = {
			isa = PBXVariantGroup;
			children = (
				BA94EEFE2189B2F4006952FB /* Base */,
			);
			name = Main.storyboard;
			sourceTree = "<group>";
		};
		BA94EF022189B2F8006952FB /* LaunchScreen.storyboard */ = {
			isa = PBXVariantGroup;
			children = (
				BA94EF032189B2F8006952FB /* Base */,
			);
			name = LaunchScreen.storyboard;
			sourceTree = "<group>";
		};
/* End PBXVariantGroup section */

/* Begin XCBuildConfiguration section */
		BA94EF1E2189B2F8006952FB /* Debug */ = {
			isa = XCBuildConfiguration;
			buildSettings = {
				ALWAYS_SEARCH_USER_PATHS = NO;
				CLANG_ANALYZER_NONNULL = YES;
				CLANG_ANALYZER_NUMBER_OBJECT_CONVERSION = YES_AGGRESSIVE;
				CLANG_CXX_LANGUAGE_STANDARD = "gnu++14";
				CLANG_CXX_LIBRARY = "libc++";
				CLANG_ENABLE_MODULES = YES;
				CLANG_ENABLE_OBJC_ARC = YES;
				CLANG_ENABLE_OBJC_WEAK = YES;
				CLANG_WARN_BLOCK_CAPTURE_AUTORELEASING = YES;
				CLANG_WARN_BOOL_CONVERSION = YES;
				CLANG_WARN_COMMA = YES;
				CLANG_WARN_CONSTANT_CONVERSION = YES;
				CLANG_WARN_DEPRECATED_OBJC_IMPLEMENTATIONS = YES;
				CLANG_WARN_DIRECT_OBJC_ISA_USAGE = YES_ERROR;
				CLANG_WARN_DOCUMENTATION_COMMENTS = YES;
				CLANG_WARN_EMPTY_BODY = YES;
				CLANG_WARN_ENUM_CONVERSION = YES;
				CLANG_WARN_INFINITE_RECURSION = YES;
				CLANG_WARN_INT_CONVERSION = YES;
				CLANG_WARN_NON_LITERAL_NULL_CONVERSION = YES;
				CLANG_WARN_OBJC_IMPLICIT_RETAIN_SELF = YES;
				CLANG_WARN_OBJC_LITERAL_CONVERSION = YES;
				CLANG_WARN_OBJC_ROOT_CLASS = YES_ERROR;
				CLANG_WARN_RANGE_LOOP_ANALYSIS = YES;
				CLANG_WARN_STRICT_PROTOTYPES = YES;
				CLANG_WARN_SUSPICIOUS_MOVE = YES;
				CLANG_WARN_UNGUARDED_AVAILABILITY = YES_AGGRESSIVE;
				CLANG_WARN_UNREACHABLE_CODE = YES;
				CLANG_WARN__DUPLICATE_METHOD_MATCH = YES;
				CODE_SIGN_IDENTITY = "iPhone Developer";
				COPY_PHASE_STRIP = NO;
				DEBUG_INFORMATION_FORMAT = dwarf;
				ENABLE_STRICT_OBJC_MSGSEND = YES;
				ENABLE_TESTABILITY = YES;
				GCC_C_LANGUAGE_STANDARD = gnu11;
				GCC_DYNAMIC_NO_PIC = NO;
				GCC_NO_COMMON_BLOCKS = YES;
				GCC_OPTIMIZATION_LEVEL = 0;
				GCC_PREPROCESSOR_DEFINITIONS = (
					"DEBUG=1",
					"$(inherited)",
				);
				GCC_WARN_64_TO_32_BIT_CONVERSION = YES;
				GCC_WARN_ABOUT_RETURN_TYPE = YES_ERROR;
				GCC_WARN_UNDECLARED_SELECTOR = YES;
				GCC_WARN_UNINITIALIZED_AUTOS = YES_AGGRESSIVE;
				GCC_WARN_UNUSED_FUNCTION = YES;
				GCC_WARN_UNUSED_VARIABLE = YES;
				IPHONEOS_DEPLOYMENT_TARGET = 12.0;
				MTL_ENABLE_DEBUG_INFO = INCLUDE_SOURCE;
				MTL_FAST_MATH = YES;
				ONLY_ACTIVE_ARCH = YES;
				SDKROOT = iphoneos;
			};
			name = Debug;
		};
		BA94EF1F2189B2F8006952FB /* Release */ = {
			isa = XCBuildConfiguration;
			buildSettings = {
				ALWAYS_SEARCH_USER_PATHS = NO;
				CLANG_ANALYZER_NONNULL = YES;
				CLANG_ANALYZER_NUMBER_OBJECT_CONVERSION = YES_AGGRESSIVE;
				CLANG_CXX_LANGUAGE_STANDARD = "gnu++14";
				CLANG_CXX_LIBRARY = "libc++";
				CLANG_ENABLE_MODULES = YES;
				CLANG_ENABLE_OBJC_ARC = YES;
				CLANG_ENABLE_OBJC_WEAK = YES;
				CLANG_WARN_BLOCK_CAPTURE_AUTORELEASING = YES;
				CLANG_WARN_BOOL_CONVERSION = YES;
				CLANG_WARN_COMMA = YES;
				CLANG_WARN_CONSTANT_CONVERSION = YES;
				CLANG_WARN_DEPRECATED_OBJC_IMPLEMENTATIONS = YES;
				CLANG_WARN_DIRECT_OBJC_ISA_USAGE = YES_ERROR;
				CLANG_WARN_DOCUMENTATION_COMMENTS = YES;
				CLANG_WARN_EMPTY_BODY = YES;
				CLANG_WARN_ENUM_CONVERSION = YES;
				CLANG_WARN_INFINITE_RECURSION = YES;
				CLANG_WARN_INT_CONVERSION = YES;
				CLANG_WARN_NON_LITERAL_NULL_CONVERSION = YES;
				CLANG_WARN_OBJC_IMPLICIT_RETAIN_SELF = YES;
				CLANG_WARN_OBJC_LITERAL_CONVERSION = YES;
				CLANG_WARN_OBJC_ROOT_CLASS = YES_ERROR;
				CLANG_WARN_RANGE_LOOP_ANALYSIS = YES;
				CLANG_WARN_STRICT_PROTOTYPES = YES;
				CLANG_WARN_SUSPICIOUS_MOVE = YES;
				CLANG_WARN_UNGUARDED_AVAILABILITY = YES_AGGRESSIVE;
				CLANG_WARN_UNREACHABLE_CODE = YES;
				CLANG_WARN__DUPLICATE_METHOD_MATCH = YES;
				CODE_SIGN_IDENTITY = "iPhone Developer";
				COPY_PHASE_STRIP = NO;
				DEBUG_INFORMATION_FORMAT = "dwarf-with-dsym";
				ENABLE_NS_ASSERTIONS = NO;
				ENABLE_STRICT_OBJC_MSGSEND = YES;
				GCC_C_LANGUAGE_STANDARD = gnu11;
				GCC_NO_COMMON_BLOCKS = YES;
				GCC_WARN_64_TO_32_BIT_CONVERSION = YES;
				GCC_WARN_ABOUT_RETURN_TYPE = YES_ERROR;
				GCC_WARN_UNDECLARED_SELECTOR = YES;
				GCC_WARN_UNINITIALIZED_AUTOS = YES_AGGRESSIVE;
				GCC_WARN_UNUSED_FUNCTION = YES;
				GCC_WARN_UNUSED_VARIABLE = YES;
				IPHONEOS_DEPLOYMENT_TARGET = 12.0;
				MTL_ENABLE_DEBUG_INFO = NO;
				MTL_FAST_MATH = YES;
				SDKROOT = iphoneos;
				VALIDATE_PRODUCT = YES;
			};
			name = Release;
		};
		BA94EF212189B2F8006952FB /* Debug */ = {
			isa = XCBuildConfiguration;
			baseConfigurationReference = 81345AF9BDABDE5079C632B2 /* Pods-iOSLHQProject.debug.xcconfig */;
			buildSettings = {
				ASSETCATALOG_COMPILER_APPICON_NAME = AppIcon;
				CODE_SIGN_STYLE = Automatic;
				DEVELOPMENT_TEAM = TDPT6UAW97;
				GCC_PRECOMPILE_PREFIX_HEADER = YES;
				GCC_PREFIX_HEADER = iOSLHQProject/LHQiOSProject.pch;
				INFOPLIST_FILE = iOSLHQProject/Info.plist;
				IPHONEOS_DEPLOYMENT_TARGET = 8.0;
				LD_RUNPATH_SEARCH_PATHS = "$(inherited) @executable_path/Frameworks";
				PRODUCT_BUNDLE_IDENTIFIER = com.iotapk.www.superApp.iOSLHQProject;
				PRODUCT_NAME = "$(TARGET_NAME)";
				TARGETED_DEVICE_FAMILY = 1;
			};
			name = Debug;
		};
		BA94EF222189B2F8006952FB /* Release */ = {
			isa = XCBuildConfiguration;
			baseConfigurationReference = 9C2B81B0CDC8293DB9824FA1 /* Pods-iOSLHQProject.release.xcconfig */;
			buildSettings = {
				ASSETCATALOG_COMPILER_APPICON_NAME = AppIcon;
				CODE_SIGN_STYLE = Automatic;
				DEVELOPMENT_TEAM = TDPT6UAW97;
				GCC_PRECOMPILE_PREFIX_HEADER = YES;
				GCC_PREFIX_HEADER = iOSLHQProject/LHQiOSProject.pch;
				INFOPLIST_FILE = iOSLHQProject/Info.plist;
				IPHONEOS_DEPLOYMENT_TARGET = 8.0;
				LD_RUNPATH_SEARCH_PATHS = "$(inherited) @executable_path/Frameworks";
				PRODUCT_BUNDLE_IDENTIFIER = com.iotapk.www.superApp.iOSLHQProject;
				PRODUCT_NAME = "$(TARGET_NAME)";
				TARGETED_DEVICE_FAMILY = 1;
			};
			name = Release;
		};
		BA94EF242189B2F8006952FB /* Debug */ = {
			isa = XCBuildConfiguration;
			baseConfigurationReference = 9348A350A515967F17BCC6AD /* Pods-iOSLHQProjectTests.debug.xcconfig */;
			buildSettings = {
				BUNDLE_LOADER = "$(TEST_HOST)";
				CODE_SIGN_STYLE = Automatic;
				DEVELOPMENT_TEAM = TDPT6UAW97;
				INFOPLIST_FILE = iOSLHQProjectTests/Info.plist;
				LD_RUNPATH_SEARCH_PATHS = "$(inherited) @executable_path/Frameworks @loader_path/Frameworks";
				PRODUCT_BUNDLE_IDENTIFIER = com.iotapk.www.superApp.iOSLHQProjectTests;
				PRODUCT_NAME = "$(TARGET_NAME)";
				TARGETED_DEVICE_FAMILY = "1,2";
				TEST_HOST = "$(BUILT_PRODUCTS_DIR)/iOSLHQProject.app/iOSLHQProject";
			};
			name = Debug;
		};
		BA94EF252189B2F8006952FB /* Release */ = {
			isa = XCBuildConfiguration;
			baseConfigurationReference = E31F5B047DC7808A1333BC75 /* Pods-iOSLHQProjectTests.release.xcconfig */;
			buildSettings = {
				BUNDLE_LOADER = "$(TEST_HOST)";
				CODE_SIGN_STYLE = Automatic;
				DEVELOPMENT_TEAM = TDPT6UAW97;
				INFOPLIST_FILE = iOSLHQProjectTests/Info.plist;
				LD_RUNPATH_SEARCH_PATHS = "$(inherited) @executable_path/Frameworks @loader_path/Frameworks";
				PRODUCT_BUNDLE_IDENTIFIER = com.iotapk.www.superApp.iOSLHQProjectTests;
				PRODUCT_NAME = "$(TARGET_NAME)";
				TARGETED_DEVICE_FAMILY = "1,2";
				TEST_HOST = "$(BUILT_PRODUCTS_DIR)/iOSLHQProject.app/iOSLHQProject";
			};
			name = Release;
		};
		BA94EF272189B2F8006952FB /* Debug */ = {
			isa = XCBuildConfiguration;
			baseConfigurationReference = 2B9AB57AF026A6A5C471A8A3 /* Pods-iOSLHQProjectUITests.debug.xcconfig */;
			buildSettings = {
				CODE_SIGN_STYLE = Automatic;
				DEVELOPMENT_TEAM = TDPT6UAW97;
				INFOPLIST_FILE = iOSLHQProjectUITests/Info.plist;
				LD_RUNPATH_SEARCH_PATHS = "$(inherited) @executable_path/Frameworks @loader_path/Frameworks";
				PRODUCT_BUNDLE_IDENTIFIER = com.iotapk.www.superApp.iOSLHQProjectUITests;
				PRODUCT_NAME = "$(TARGET_NAME)";
				TARGETED_DEVICE_FAMILY = "1,2";
				TEST_TARGET_NAME = iOSLHQProject;
			};
			name = Debug;
		};
		BA94EF282189B2F8006952FB /* Release */ = {
			isa = XCBuildConfiguration;
			baseConfigurationReference = 195117ADA40471B0313FAF9E /* Pods-iOSLHQProjectUITests.release.xcconfig */;
			buildSettings = {
				CODE_SIGN_STYLE = Automatic;
				DEVELOPMENT_TEAM = TDPT6UAW97;
				INFOPLIST_FILE = iOSLHQProjectUITests/Info.plist;
				LD_RUNPATH_SEARCH_PATHS = "$(inherited) @executable_path/Frameworks @loader_path/Frameworks";
				PRODUCT_BUNDLE_IDENTIFIER = com.iotapk.www.superApp.iOSLHQProjectUITests;
				PRODUCT_NAME = "$(TARGET_NAME)";
				TARGETED_DEVICE_FAMILY = "1,2";
				TEST_TARGET_NAME = iOSLHQProject;
			};
			name = Release;
		};
/* End XCBuildConfiguration section */

/* Begin XCConfigurationList section */
		BA94EEEF2189B2F4006952FB /* Build configuration list for PBXProject "iOSLHQProject" */ = {
			isa = XCConfigurationList;
			buildConfigurations = (
				BA94EF1E2189B2F8006952FB /* Debug */,
				BA94EF1F2189B2F8006952FB /* Release */,
			);
			defaultConfigurationIsVisible = 0;
			defaultConfigurationName = Release;
		};
		BA94EF202189B2F8006952FB /* Build configuration list for PBXNativeTarget "iOSLHQProject" */ = {
			isa = XCConfigurationList;
			buildConfigurations = (
				BA94EF212189B2F8006952FB /* Debug */,
				BA94EF222189B2F8006952FB /* Release */,
			);
			defaultConfigurationIsVisible = 0;
			defaultConfigurationName = Release;
		};
		BA94EF232189B2F8006952FB /* Build configuration list for PBXNativeTarget "iOSLHQProjectTests" */ = {
			isa = XCConfigurationList;
			buildConfigurations = (
				BA94EF242189B2F8006952FB /* Debug */,
				BA94EF252189B2F8006952FB /* Release */,
			);
			defaultConfigurationIsVisible = 0;
			defaultConfigurationName = Release;
		};
		BA94EF262189B2F8006952FB /* Build configuration list for PBXNativeTarget "iOSLHQProjectUITests" */ = {
			isa = XCConfigurationList;
			buildConfigurations = (
				BA94EF272189B2F8006952FB /* Debug */,
				BA94EF282189B2F8006952FB /* Release */,
			);
			defaultConfigurationIsVisible = 0;
			defaultConfigurationName = Release;
		};
/* End XCConfigurationList section */
	};
	rootObject = BA94EEEC2189B2F4006952FB /* Project object */;
}
