// !$*UTF8*$!
{
	archiveVersion = 1;
	classes = {
	};
	objectVersion = 48;
	objects = {

/* Begin PBXBuildFile section */
		3E048A4C21CB389000955A1C /* LHQCameraViewController.m in Sources */ = {isa = PBXBuildFile; fileRef = 3E048A4B21CB389000955A1C /* LHQCameraViewController.m */; };
		3E12145F21B671110034AB19 /* LHQFSAudioViewController.m in Sources */ = {isa = PBXBuildFile; fileRef = 3E12145E21B671110034AB19 /* LHQFSAudioViewController.m */; };
		3E19791721B7B99600B798EB /* LHQAudioPlayer.m in Sources */ = {isa = PBXBuildFile; fileRef = 3E19791321B7B99600B798EB /* LHQAudioPlayer.m */; };
		3E19791821B7B99600B798EB /* LHQTimer.m in Sources */ = {isa = PBXBuildFile; fileRef = 3E19791521B7B99600B798EB /* LHQTimer.m */; };
		3E19791D21B7BBF300B798EB /* LHQRecorder.m in Sources */ = {isa = PBXBuildFile; fileRef = 3E19791921B7BBF300B798EB /* LHQRecorder.m */; };
		3E19791E21B7BBF300B798EB /* LHQThread.m in Sources */ = {isa = PBXBuildFile; fileRef = 3E19791C21B7BBF300B798EB /* LHQThread.m */; };
		3E19792321B7BD5400B798EB /* lame.framework in Frameworks */ = {isa = PBXBuildFile; fileRef = 3E19792221B7BD5400B798EB /* lame.framework */; };
		3E19792721B7BDE700B798EB /* LHQAlertViewService.m in Sources */ = {isa = PBXBuildFile; fileRef = 3E19792621B7BDE700B798EB /* LHQAlertViewService.m */; };
		3E19792A21B7BEB400B798EB /* UIApplication+AppRootViewController.m in Sources */ = {isa = PBXBuildFile; fileRef = 3E19792921B7BEB400B798EB /* UIApplication+AppRootViewController.m */; };
		3E19793321B7D65400B798EB /* DPDatabaseManager.m in Sources */ = {isa = PBXBuildFile; fileRef = 3E19793021B7D65300B798EB /* DPDatabaseManager.m */; };
		3E19793421B7D65400B798EB /* DPDatabaseUtils.m in Sources */ = {isa = PBXBuildFile; fileRef = 3E19793221B7D65300B798EB /* DPDatabaseUtils.m */; };
		3E19793721B7D7FC00B798EB /* LHQDataBaseViewController.m in Sources */ = {isa = PBXBuildFile; fileRef = 3E19793621B7D7FC00B798EB /* LHQDataBaseViewController.m */; };
		3E1BD66721DEFA0900BFB9D8 /* LHQRectView.m in Sources */ = {isa = PBXBuildFile; fileRef = 3E1BD66621DEFA0900BFB9D8 /* LHQRectView.m */; };
		3E1BD66A21DF362600BFB9D8 /* LHQImageTransformViewController.m in Sources */ = {isa = PBXBuildFile; fileRef = 3E1BD66921DF362600BFB9D8 /* LHQImageTransformViewController.m */; };
		3E1BD66D21DF412000BFB9D8 /* LHQCropableView.m in Sources */ = {isa = PBXBuildFile; fileRef = 3E1BD66C21DF412000BFB9D8 /* LHQCropableView.m */; };
		3E1BD67021DF4A9500BFB9D8 /* UIImage+Extension.m in Sources */ = {isa = PBXBuildFile; fileRef = 3E1BD66F21DF4A9500BFB9D8 /* UIImage+Extension.m */; };
		3E1BD67221DF580F00BFB9D8 /* IMG_0152.JPG in Resources */ = {isa = PBXBuildFile; fileRef = 3E1BD67121DF580F00BFB9D8 /* IMG_0152.JPG */; };
		3E22AD1521D46C9B0019EC13 /* LHQCameraMaskingView.m in Sources */ = {isa = PBXBuildFile; fileRef = 3E22AD1421D46C9B0019EC13 /* LHQCameraMaskingView.m */; };
		3E22AD1821D470620019EC13 /* LHQCarema2ViewController.m in Sources */ = {isa = PBXBuildFile; fileRef = 3E22AD1721D470620019EC13 /* LHQCarema2ViewController.m */; };
		3E22AD1B21D471D20019EC13 /* LHQCameraTool.m in Sources */ = {isa = PBXBuildFile; fileRef = 3E22AD1921D471D20019EC13 /* LHQCameraTool.m */; };
		3E2E900021D3790700AD3D24 /* LHQMaskingView.m in Sources */ = {isa = PBXBuildFile; fileRef = 3E2E8FFF21D3790700AD3D24 /* LHQMaskingView.m */; };
		3E31A16621CA1204004453D4 /* LHQLottieViewController.m in Sources */ = {isa = PBXBuildFile; fileRef = 3E31A16521CA1204004453D4 /* LHQLottieViewController.m */; };
		3E31A17621CA13E5004453D4 /* haima.json in Resources */ = {isa = PBXBuildFile; fileRef = 3E31A16921CA13E5004453D4 /* haima.json */; };
		3E31A17721CA13E5004453D4 /* img_0.png in Resources */ = {isa = PBXBuildFile; fileRef = 3E31A16B21CA13E5004453D4 /* img_0.png */; };
		3E31A17821CA13E5004453D4 /* img_1.png in Resources */ = {isa = PBXBuildFile; fileRef = 3E31A16C21CA13E5004453D4 /* img_1.png */; };
		3E31A17921CA13E5004453D4 /* img_2.png in Resources */ = {isa = PBXBuildFile; fileRef = 3E31A16D21CA13E5004453D4 /* img_2.png */; };
		3E31A17A21CA13E5004453D4 /* img_3.png in Resources */ = {isa = PBXBuildFile; fileRef = 3E31A16E21CA13E5004453D4 /* img_3.png */; };
		3E31A18721CA18B3004453D4 /* paopaoImg_0.png in Resources */ = {isa = PBXBuildFile; fileRef = 3E31A18221CA18B3004453D4 /* paopaoImg_0.png */; };
		3E31A18821CA18B3004453D4 /* paopaoImg_1.png in Resources */ = {isa = PBXBuildFile; fileRef = 3E31A18321CA18B3004453D4 /* paopaoImg_1.png */; };
		3E31A18921CA18B3004453D4 /* paopaoImg_2.png in Resources */ = {isa = PBXBuildFile; fileRef = 3E31A18421CA18B3004453D4 /* paopaoImg_2.png */; };
		3E31A18A21CA18B3004453D4 /* paopaoImg_3.png in Resources */ = {isa = PBXBuildFile; fileRef = 3E31A18521CA18B3004453D4 /* paopaoImg_3.png */; };
		3E31A18B21CA18B3004453D4 /* paopao.json in Resources */ = {isa = PBXBuildFile; fileRef = 3E31A18621CA18B3004453D4 /* paopao.json */; };
		3E3C096021BA06EE00CE823D /* LHQSearchBar.m in Sources */ = {isa = PBXBuildFile; fileRef = 3E3C095E21BA06EE00CE823D /* LHQSearchBar.m */; };
		3E3C096321BA078100CE823D /* LHQSearchBarViewController.m in Sources */ = {isa = PBXBuildFile; fileRef = 3E3C096221BA078100CE823D /* LHQSearchBarViewController.m */; };
		3ECE5F1021E74B7300D1C2BD /* UIButton+Addition.m in Sources */ = {isa = PBXBuildFile; fileRef = 3ECE5F0F21E74B7300D1C2BD /* UIButton+Addition.m */; };
		3ECE5F1521E74F9600D1C2BD /* UILabel+Addition.m in Sources */ = {isa = PBXBuildFile; fileRef = 3ECE5F1421E74F9600D1C2BD /* UILabel+Addition.m */; };
		3ECE5F1E21E7535D00D1C2BD /* NSString+Extension.m in Sources */ = {isa = PBXBuildFile; fileRef = 3ECE5F1D21E7535D00D1C2BD /* NSString+Extension.m */; };
		B5E4AC8F21A02E1E006364ED /* LHQAudioViewController.m in Sources */ = {isa = PBXBuildFile; fileRef = B5E4AC8D21A02E1E006364ED /* LHQAudioViewController.m */; };
		B5E4AC9021A02E1E006364ED /* LHQAudioViewController.xib in Resources */ = {isa = PBXBuildFile; fileRef = B5E4AC8E21A02E1E006364ED /* LHQAudioViewController.xib */; };
		BA21B29E218BF0A4002DB83F /* LHQStaticTableVC.m in Sources */ = {isa = PBXBuildFile; fileRef = BA21B29D218BF0A4002DB83F /* LHQStaticTableVC.m */; };
		BA21B2A1218BF119002DB83F /* LHQWordItem.m in Sources */ = {isa = PBXBuildFile; fileRef = BA21B2A0218BF119002DB83F /* LHQWordItem.m */; };
		BA21B2A4218BF2F9002DB83F /* LHQWordArrowItem.m in Sources */ = {isa = PBXBuildFile; fileRef = BA21B2A3218BF2F9002DB83F /* LHQWordArrowItem.m */; };
		BA21B2A7218BF364002DB83F /* LHQItemSection.m in Sources */ = {isa = PBXBuildFile; fileRef = BA21B2A6218BF364002DB83F /* LHQItemSection.m */; };
		BA21B2AA218BF54F002DB83F /* LHQSettingCell.m in Sources */ = {isa = PBXBuildFile; fileRef = BA21B2A9218BF54F002DB83F /* LHQSettingCell.m */; };
		BA65D66121902B4B0046B132 /* LHQVerticalFlowLayout.m in Sources */ = {isa = PBXBuildFile; fileRef = BA65D66021902B4B0046B132 /* LHQVerticalFlowLayout.m */; };
		BA65D66421902EF20046B132 /* LHQHorizontalFlowLayout.m in Sources */ = {isa = PBXBuildFile; fileRef = BA65D66321902EF20046B132 /* LHQHorizontalFlowLayout.m */; };
		BA65D667219033310046B132 /* LHQElementsFlowLayout.m in Sources */ = {isa = PBXBuildFile; fileRef = BA65D666219033310046B132 /* LHQElementsFlowLayout.m */; };
		BA65D66A219036020046B132 /* LHQCollectionVC.m in Sources */ = {isa = PBXBuildFile; fileRef = BA65D669219036020046B132 /* LHQCollectionVC.m */; };
		BA65D66D21904B8F0046B132 /* LHQRefreshTableViewVC.m in Sources */ = {isa = PBXBuildFile; fileRef = BA65D66C21904B8F0046B132 /* LHQRefreshTableViewVC.m */; };
		BA65D67021904C420046B132 /* LHQNormalRefreshHeader.m in Sources */ = {isa = PBXBuildFile; fileRef = BA65D66F21904C420046B132 /* LHQNormalRefreshHeader.m */; };
		BA65D67321904D6B0046B132 /* LHQAutoRefreshFooter.m in Sources */ = {isa = PBXBuildFile; fileRef = BA65D67221904D6B0046B132 /* LHQAutoRefreshFooter.m */; };
		BA7F2C90218AA44900DBE4B7 /* LHQNavigationBar.m in Sources */ = {isa = PBXBuildFile; fileRef = BA7F2C8F218AA44900DBE4B7 /* LHQNavigationBar.m */; };
		BA7F2C96218ACABB00DBE4B7 /* UIView+Frame.m in Sources */ = {isa = PBXBuildFile; fileRef = BA7F2C95218ACABB00DBE4B7 /* UIView+Frame.m */; };
		BA7F2C9C218AD64400DBE4B7 /* UIColor+Random.m in Sources */ = {isa = PBXBuildFile; fileRef = BA7F2C99218AD64400DBE4B7 /* UIColor+Random.m */; };
		BA7F2C9F218AD6AB00DBE4B7 /* MBProgressHUD+Extension.m in Sources */ = {isa = PBXBuildFile; fileRef = BA7F2C9E218AD6AB00DBE4B7 /* MBProgressHUD+Extension.m */; };
		BA7F2CA6218AD7FB00DBE4B7 /* LHQRequestManager.m in Sources */ = {isa = PBXBuildFile; fileRef = BA7F2CA1218AD7FA00DBE4B7 /* LHQRequestManager.m */; };
		BA7F2CA7218AD7FB00DBE4B7 /* LHQBaseRequest.m in Sources */ = {isa = PBXBuildFile; fileRef = BA7F2CA2218AD7FB00DBE4B7 /* LHQBaseRequest.m */; };
		BA7F2CA8218AD7FB00DBE4B7 /* LHQBaseResponse.m in Sources */ = {isa = PBXBuildFile; fileRef = BA7F2CA4218AD7FB00DBE4B7 /* LHQBaseResponse.m */; };
		BA7F2CAE218ADF8200DBE4B7 /* LHQNavigationVC.m in Sources */ = {isa = PBXBuildFile; fileRef = BA7F2CAD218ADF8200DBE4B7 /* LHQNavigationVC.m */; };
		BA7F2CB1218AE05900DBE4B7 /* LHQNavUIBaseVC.m in Sources */ = {isa = PBXBuildFile; fileRef = BA7F2CB0218AE05900DBE4B7 /* LHQNavUIBaseVC.m */; };
		BA7F2CB4218AF0FE00DBE4B7 /* LHQTextViewVC.m in Sources */ = {isa = PBXBuildFile; fileRef = BA7F2CB3218AF0FE00DBE4B7 /* LHQTextViewVC.m */; };
		BA7F2CB7218AF49C00DBE4B7 /* LHQRequestBaseVC.m in Sources */ = {isa = PBXBuildFile; fileRef = BA7F2CB6218AF49C00DBE4B7 /* LHQRequestBaseVC.m */; };
		BA7F2CBA218AF8D100DBE4B7 /* LHQBaseViewVC.m in Sources */ = {isa = PBXBuildFile; fileRef = BA7F2CB9218AF8D100DBE4B7 /* LHQBaseViewVC.m */; };
		BA7F2CBD218AFA0100DBE4B7 /* LHQTableViewVC.m in Sources */ = {isa = PBXBuildFile; fileRef = BA7F2CBC218AFA0100DBE4B7 /* LHQTableViewVC.m */; };
		BA94EEF92189B2F4006952FB /* LHQAppDelegate.m in Sources */ = {isa = PBXBuildFile; fileRef = BA94EEF82189B2F4006952FB /* LHQAppDelegate.m */; };
		BA94EEFF2189B2F4006952FB /* Main.storyboard in Resources */ = {isa = PBXBuildFile; fileRef = BA94EEFD2189B2F4006952FB /* Main.storyboard */; };
		BA94EF012189B2F8006952FB /* Assets.xcassets in Resources */ = {isa = PBXBuildFile; fileRef = BA94EF002189B2F8006952FB /* Assets.xcassets */; };
		BA94EF042189B2F8006952FB /* LaunchScreen.storyboard in Resources */ = {isa = PBXBuildFile; fileRef = BA94EF022189B2F8006952FB /* LaunchScreen.storyboard */; };
		BA94EF072189B2F8006952FB /* main.m in Sources */ = {isa = PBXBuildFile; fileRef = BA94EF062189B2F8006952FB /* main.m */; };
		BA94EF112189B2F8006952FB /* iOSLHQProjectTests.m in Sources */ = {isa = PBXBuildFile; fileRef = BA94EF102189B2F8006952FB /* iOSLHQProjectTests.m */; };
		BA94EF1C2189B2F8006952FB /* iOSLHQProjectUITests.m in Sources */ = {isa = PBXBuildFile; fileRef = BA94EF1B2189B2F8006952FB /* iOSLHQProjectUITests.m */; };
		BAA1D0F12191254A005B7422 /* LHQRefreshCollectionViewVC.m in Sources */ = {isa = PBXBuildFile; fileRef = BAA1D0F02191254A005B7422 /* LHQRefreshCollectionViewVC.m */; };
		BAA1D0F5219134B2005B7422 /* LHQTabBarVC.m in Sources */ = {isa = PBXBuildFile; fileRef = BAA1D0F4219134B2005B7422 /* LHQTabBarVC.m */; };
		BAA1D0F821913512005B7422 /* LHQHomeViewVC.m in Sources */ = {isa = PBXBuildFile; fileRef = BAA1D0F721913512005B7422 /* LHQHomeViewVC.m */; };
		BAA1D0FB21913537005B7422 /* LHQMessageViewVC.m in Sources */ = {isa = PBXBuildFile; fileRef = BAA1D0FA21913537005B7422 /* LHQMessageViewVC.m */; };
		BAA1D0FE2191354F005B7422 /* LHQMeViewVC.m in Sources */ = {isa = PBXBuildFile; fileRef = BAA1D0FD2191354F005B7422 /* LHQMeViewVC.m */; };
		BAA1D10121913CAE005B7422 /* LHQMainViewVC.m in Sources */ = {isa = PBXBuildFile; fileRef = BAA1D10021913CAE005B7422 /* LHQMainViewVC.m */; };
		BAA1D10421914628005B7422 /* LHQLeftSlideVC.m in Sources */ = {isa = PBXBuildFile; fileRef = BAA1D10321914628005B7422 /* LHQLeftSlideVC.m */; };
		BAA1D10721919449005B7422 /* NSDate+Utilities.m in Sources */ = {isa = PBXBuildFile; fileRef = BAA1D10621919449005B7422 /* NSDate+Utilities.m */; };
		C1BFB8ADC4AC1EA558A49E35 /* libPods-iOSLHQProjectTests.a in Frameworks */ = {isa = PBXBuildFile; fileRef = 425E8D2EFE09A57C73A467D9 /* libPods-iOSLHQProjectTests.a */; };
		E19308F8A9605E676FE5859D /* libPods-iOSLHQProjectUITests.a in Frameworks */ = {isa = PBXBuildFile; fileRef = F2BD98021FADACBB876D6B07 /* libPods-iOSLHQProjectUITests.a */; };
		ECF76A93B5914666276A9361 /* libPods-iOSLHQProject.a in Frameworks */ = {isa = PBXBuildFile; fileRef = DF4B9A7FCB0EAC322478515E /* libPods-iOSLHQProject.a */; };
/* End PBXBuildFile section */

/* Begin PBXContainerItemProxy section */
		BA94EF0D2189B2F8006952FB /* PBXContainerItemProxy */ = {
			isa = PBXContainerItemProxy;
			containerPortal = BA94EEEC2189B2F4006952FB /* Project object */;
			proxyType = 1;
			remoteGlobalIDString = BA94EEF32189B2F4006952FB;
			remoteInfo = iOSLHQProject;
		};
		BA94EF182189B2F8006952FB /* PBXContainerItemProxy */ = {
			isa = PBXContainerItemProxy;
			containerPortal = BA94EEEC2189B2F4006952FB /* Project object */;
			proxyType = 1;
			remoteGlobalIDString = BA94EEF32189B2F4006952FB;
			remoteInfo = iOSLHQProject;
		};
/* End PBXContainerItemProxy section */

/* Begin PBXFileReference section */
		195117ADA40471B0313FAF9E /* Pods-iOSLHQProjectUITests.release.xcconfig */ = {isa = PBXFileReference; includeInIndex = 1; lastKnownFileType = text.xcconfig; name = "Pods-iOSLHQProjectUITests.release.xcconfig"; path = "Pods/Target Support Files/Pods-iOSLHQProjectUITests/Pods-iOSLHQProjectUITests.release.xcconfig"; sourceTree = "<group>"; };
		2B9AB57AF026A6A5C471A8A3 /* Pods-iOSLHQProjectUITests.debug.xcconfig */ = {isa = PBXFileReference; includeInIndex = 1; lastKnownFileType = text.xcconfig; name = "Pods-iOSLHQProjectUITests.debug.xcconfig"; path = "Pods/Target Support Files/Pods-iOSLHQProjectUITests/Pods-iOSLHQProjectUITests.debug.xcconfig"; sourceTree = "<group>"; };
		3E048A4A21CB389000955A1C /* LHQCameraViewController.h */ = {isa = PBXFileReference; lastKnownFileType = sourcecode.c.h; path = LHQCameraViewController.h; sourceTree = "<group>"; };
		3E048A4B21CB389000955A1C /* LHQCameraViewController.m */ = {isa = PBXFileReference; lastKnownFileType = sourcecode.c.objc; path = LHQCameraViewController.m; sourceTree = "<group>"; };
		3E12145D21B671110034AB19 /* LHQFSAudioViewController.h */ = {isa = PBXFileReference; lastKnownFileType = sourcecode.c.h; path = LHQFSAudioViewController.h; sourceTree = "<group>"; };
		3E12145E21B671110034AB19 /* LHQFSAudioViewController.m */ = {isa = PBXFileReference; lastKnownFileType = sourcecode.c.objc; path = LHQFSAudioViewController.m; sourceTree = "<group>"; };
		3E19791321B7B99600B798EB /* LHQAudioPlayer.m */ = {isa = PBXFileReference; fileEncoding = 4; lastKnownFileType = sourcecode.c.objc; path = LHQAudioPlayer.m; sourceTree = "<group>"; };
		3E19791421B7B99600B798EB /* LHQTimer.h */ = {isa = PBXFileReference; fileEncoding = 4; lastKnownFileType = sourcecode.c.h; path = LHQTimer.h; sourceTree = "<group>"; };
		3E19791521B7B99600B798EB /* LHQTimer.m */ = {isa = PBXFileReference; fileEncoding = 4; lastKnownFileType = sourcecode.c.objc; path = LHQTimer.m; sourceTree = "<group>"; };
		3E19791621B7B99600B798EB /* LHQAudioPlayer.h */ = {isa = PBXFileReference; fileEncoding = 4; lastKnownFileType = sourcecode.c.h; path = LHQAudioPlayer.h; sourceTree = "<group>"; };
		3E19791921B7BBF300B798EB /* LHQRecorder.m */ = {isa = PBXFileReference; fileEncoding = 4; lastKnownFileType = sourcecode.c.objc; path = LHQRecorder.m; sourceTree = "<group>"; };
		3E19791A21B7BBF300B798EB /* LHQThread.h */ = {isa = PBXFileReference; fileEncoding = 4; lastKnownFileType = sourcecode.c.h; path = LHQThread.h; sourceTree = "<group>"; };
		3E19791B21B7BBF300B798EB /* LHQRecorder.h */ = {isa = PBXFileReference; fileEncoding = 4; lastKnownFileType = sourcecode.c.h; path = LHQRecorder.h; sourceTree = "<group>"; };
		3E19791C21B7BBF300B798EB /* LHQThread.m */ = {isa = PBXFileReference; fileEncoding = 4; lastKnownFileType = sourcecode.c.objc; path = LHQThread.m; sourceTree = "<group>"; };
		3E19792221B7BD5400B798EB /* lame.framework */ = {isa = PBXFileReference; lastKnownFileType = wrapper.framework; path = lame.framework; sourceTree = "<group>"; };
		3E19792521B7BDE700B798EB /* LHQAlertViewService.h */ = {isa = PBXFileReference; fileEncoding = 4; lastKnownFileType = sourcecode.c.h; path = LHQAlertViewService.h; sourceTree = "<group>"; };
		3E19792621B7BDE700B798EB /* LHQAlertViewService.m */ = {isa = PBXFileReference; fileEncoding = 4; lastKnownFileType = sourcecode.c.objc; path = LHQAlertViewService.m; sourceTree = "<group>"; };
		3E19792821B7BEB400B798EB /* UIApplication+AppRootViewController.h */ = {isa = PBXFileReference; fileEncoding = 4; lastKnownFileType = sourcecode.c.h; path = "UIApplication+AppRootViewController.h"; sourceTree = "<group>"; };
		3E19792921B7BEB400B798EB /* UIApplication+AppRootViewController.m */ = {isa = PBXFileReference; fileEncoding = 4; lastKnownFileType = sourcecode.c.objc; path = "UIApplication+AppRootViewController.m"; sourceTree = "<group>"; };
		3E19792F21B7D65300B798EB /* DPDatabaseManager.h */ = {isa = PBXFileReference; fileEncoding = 4; lastKnownFileType = sourcecode.c.h; path = DPDatabaseManager.h; sourceTree = "<group>"; };
		3E19793021B7D65300B798EB /* DPDatabaseManager.m */ = {isa = PBXFileReference; fileEncoding = 4; lastKnownFileType = sourcecode.c.objc; path = DPDatabaseManager.m; sourceTree = "<group>"; };
		3E19793121B7D65300B798EB /* DPDatabaseUtils.h */ = {isa = PBXFileReference; fileEncoding = 4; lastKnownFileType = sourcecode.c.h; path = DPDatabaseUtils.h; sourceTree = "<group>"; };
		3E19793221B7D65300B798EB /* DPDatabaseUtils.m */ = {isa = PBXFileReference; fileEncoding = 4; lastKnownFileType = sourcecode.c.objc; path = DPDatabaseUtils.m; sourceTree = "<group>"; };
		3E19793521B7D7FC00B798EB /* LHQDataBaseViewController.h */ = {isa = PBXFileReference; lastKnownFileType = sourcecode.c.h; path = LHQDataBaseViewController.h; sourceTree = "<group>"; };
		3E19793621B7D7FC00B798EB /* LHQDataBaseViewController.m */ = {isa = PBXFileReference; lastKnownFileType = sourcecode.c.objc; path = LHQDataBaseViewController.m; sourceTree = "<group>"; };
		3E1BD66521DEFA0900BFB9D8 /* LHQRectView.h */ = {isa = PBXFileReference; lastKnownFileType = sourcecode.c.h; path = LHQRectView.h; sourceTree = "<group>"; };
		3E1BD66621DEFA0900BFB9D8 /* LHQRectView.m */ = {isa = PBXFileReference; lastKnownFileType = sourcecode.c.objc; path = LHQRectView.m; sourceTree = "<group>"; };
		3E1BD66821DF362600BFB9D8 /* LHQImageTransformViewController.h */ = {isa = PBXFileReference; lastKnownFileType = sourcecode.c.h; path = LHQImageTransformViewController.h; sourceTree = "<group>"; };
		3E1BD66921DF362600BFB9D8 /* LHQImageTransformViewController.m */ = {isa = PBXFileReference; lastKnownFileType = sourcecode.c.objc; path = LHQImageTransformViewController.m; sourceTree = "<group>"; };
		3E1BD66B21DF412000BFB9D8 /* LHQCropableView.h */ = {isa = PBXFileReference; lastKnownFileType = sourcecode.c.h; path = LHQCropableView.h; sourceTree = "<group>"; };
		3E1BD66C21DF412000BFB9D8 /* LHQCropableView.m */ = {isa = PBXFileReference; lastKnownFileType = sourcecode.c.objc; path = LHQCropableView.m; sourceTree = "<group>"; };
		3E1BD66E21DF4A9500BFB9D8 /* UIImage+Extension.h */ = {isa = PBXFileReference; lastKnownFileType = sourcecode.c.h; path = "UIImage+Extension.h"; sourceTree = "<group>"; };
		3E1BD66F21DF4A9500BFB9D8 /* UIImage+Extension.m */ = {isa = PBXFileReference; lastKnownFileType = sourcecode.c.objc; path = "UIImage+Extension.m"; sourceTree = "<group>"; };
		3E1BD67121DF580F00BFB9D8 /* IMG_0152.JPG */ = {isa = PBXFileReference; lastKnownFileType = image.jpeg; path = IMG_0152.JPG; sourceTree = "<group>"; };
		3E22AD1321D46C9B0019EC13 /* LHQCameraMaskingView.h */ = {isa = PBXFileReference; lastKnownFileType = sourcecode.c.h; path = LHQCameraMaskingView.h; sourceTree = "<group>"; };
		3E22AD1421D46C9B0019EC13 /* LHQCameraMaskingView.m */ = {isa = PBXFileReference; lastKnownFileType = sourcecode.c.objc; path = LHQCameraMaskingView.m; sourceTree = "<group>"; };
		3E22AD1621D470620019EC13 /* LHQCarema2ViewController.h */ = {isa = PBXFileReference; lastKnownFileType = sourcecode.c.h; path = LHQCarema2ViewController.h; sourceTree = "<group>"; };
		3E22AD1721D470620019EC13 /* LHQCarema2ViewController.m */ = {isa = PBXFileReference; lastKnownFileType = sourcecode.c.objc; path = LHQCarema2ViewController.m; sourceTree = "<group>"; };
		3E22AD1921D471D20019EC13 /* LHQCameraTool.m */ = {isa = PBXFileReference; fileEncoding = 4; lastKnownFileType = sourcecode.c.objc; path = LHQCameraTool.m; sourceTree = "<group>"; };
		3E22AD1A21D471D20019EC13 /* LHQCameraTool.h */ = {isa = PBXFileReference; fileEncoding = 4; lastKnownFileType = sourcecode.c.h; path = LHQCameraTool.h; sourceTree = "<group>"; };
		3E2E8FFE21D3790700AD3D24 /* LHQMaskingView.h */ = {isa = PBXFileReference; lastKnownFileType = sourcecode.c.h; path = LHQMaskingView.h; sourceTree = "<group>"; };
		3E2E8FFF21D3790700AD3D24 /* LHQMaskingView.m */ = {isa = PBXFileReference; lastKnownFileType = sourcecode.c.objc; path = LHQMaskingView.m; sourceTree = "<group>"; };
		3E31A16421CA1204004453D4 /* LHQLottieViewController.h */ = {isa = PBXFileReference; lastKnownFileType = sourcecode.c.h; path = LHQLottieViewController.h; sourceTree = "<group>"; };
		3E31A16521CA1204004453D4 /* LHQLottieViewController.m */ = {isa = PBXFileReference; lastKnownFileType = sourcecode.c.objc; path = LHQLottieViewController.m; sourceTree = "<group>"; };
		3E31A16921CA13E5004453D4 /* haima.json */ = {isa = PBXFileReference; fileEncoding = 4; lastKnownFileType = text.json; path = haima.json; sourceTree = "<group>"; };
		3E31A16B21CA13E5004453D4 /* img_0.png */ = {isa = PBXFileReference; lastKnownFileType = image.png; path = img_0.png; sourceTree = "<group>"; };
		3E31A16C21CA13E5004453D4 /* img_1.png */ = {isa = PBXFileReference; lastKnownFileType = image.png; path = img_1.png; sourceTree = "<group>"; };
		3E31A16D21CA13E5004453D4 /* img_2.png */ = {isa = PBXFileReference; lastKnownFileType = image.png; path = img_2.png; sourceTree = "<group>"; };
		3E31A16E21CA13E5004453D4 /* img_3.png */ = {isa = PBXFileReference; lastKnownFileType = image.png; path = img_3.png; sourceTree = "<group>"; };
		3E31A18221CA18B3004453D4 /* paopaoImg_0.png */ = {isa = PBXFileReference; lastKnownFileType = image.png; path = paopaoImg_0.png; sourceTree = "<group>"; };
		3E31A18321CA18B3004453D4 /* paopaoImg_1.png */ = {isa = PBXFileReference; lastKnownFileType = image.png; path = paopaoImg_1.png; sourceTree = "<group>"; };
		3E31A18421CA18B3004453D4 /* paopaoImg_2.png */ = {isa = PBXFileReference; lastKnownFileType = image.png; path = paopaoImg_2.png; sourceTree = "<group>"; };
		3E31A18521CA18B3004453D4 /* paopaoImg_3.png */ = {isa = PBXFileReference; lastKnownFileType = image.png; path = paopaoImg_3.png; sourceTree = "<group>"; };
		3E31A18621CA18B3004453D4 /* paopao.json */ = {isa = PBXFileReference; fileEncoding = 4; lastKnownFileType = text.json; path = paopao.json; sourceTree = "<group>"; };
		3E3C095E21BA06EE00CE823D /* LHQSearchBar.m */ = {isa = PBXFileReference; fileEncoding = 4; lastKnownFileType = sourcecode.c.objc; path = LHQSearchBar.m; sourceTree = "<group>"; };
		3E3C095F21BA06EE00CE823D /* LHQSearchBar.h */ = {isa = PBXFileReference; fileEncoding = 4; lastKnownFileType = sourcecode.c.h; path = LHQSearchBar.h; sourceTree = "<group>"; };
		3E3C096121BA078100CE823D /* LHQSearchBarViewController.h */ = {isa = PBXFileReference; lastKnownFileType = sourcecode.c.h; path = LHQSearchBarViewController.h; sourceTree = "<group>"; };
		3E3C096221BA078100CE823D /* LHQSearchBarViewController.m */ = {isa = PBXFileReference; lastKnownFileType = sourcecode.c.objc; path = LHQSearchBarViewController.m; sourceTree = "<group>"; };
		3ECE5F0E21E74B7300D1C2BD /* UIButton+Addition.h */ = {isa = PBXFileReference; lastKnownFileType = sourcecode.c.h; path = "UIButton+Addition.h"; sourceTree = "<group>"; };
		3ECE5F0F21E74B7300D1C2BD /* UIButton+Addition.m */ = {isa = PBXFileReference; lastKnownFileType = sourcecode.c.objc; path = "UIButton+Addition.m"; sourceTree = "<group>"; };
		3ECE5F1321E74F9600D1C2BD /* UILabel+Addition.h */ = {isa = PBXFileReference; lastKnownFileType = sourcecode.c.h; path = "UILabel+Addition.h"; sourceTree = "<group>"; };
		3ECE5F1421E74F9600D1C2BD /* UILabel+Addition.m */ = {isa = PBXFileReference; lastKnownFileType = sourcecode.c.objc; path = "UILabel+Addition.m"; sourceTree = "<group>"; };
		3ECE5F1821E7517400D1C2BD /* LHQAddition.h */ = {isa = PBXFileReference; lastKnownFileType = sourcecode.c.h; path = LHQAddition.h; sourceTree = "<group>"; };
		3ECE5F1C21E7535D00D1C2BD /* NSString+Extension.h */ = {isa = PBXFileReference; lastKnownFileType = sourcecode.c.h; path = "NSString+Extension.h"; sourceTree = "<group>"; };
		3ECE5F1D21E7535D00D1C2BD /* NSString+Extension.m */ = {isa = PBXFileReference; lastKnownFileType = sourcecode.c.objc; path = "NSString+Extension.m"; sourceTree = "<group>"; };
		425E8D2EFE09A57C73A467D9 /* libPods-iOSLHQProjectTests.a */ = {isa = PBXFileReference; explicitFileType = archive.ar; includeInIndex = 0; path = "libPods-iOSLHQProjectTests.a"; sourceTree = BUILT_PRODUCTS_DIR; };
		81345AF9BDABDE5079C632B2 /* Pods-iOSLHQProject.debug.xcconfig */ = {isa = PBXFileReference; includeInIndex = 1; lastKnownFileType = text.xcconfig; name = "Pods-iOSLHQProject.debug.xcconfig"; path = "Pods/Target Support Files/Pods-iOSLHQProject/Pods-iOSLHQProject.debug.xcconfig"; sourceTree = "<group>"; };
		9348A350A515967F17BCC6AD /* Pods-iOSLHQProjectTests.debug.xcconfig */ = {isa = PBXFileReference; includeInIndex = 1; lastKnownFileType = text.xcconfig; name = "Pods-iOSLHQProjectTests.debug.xcconfig"; path = "Pods/Target Support Files/Pods-iOSLHQProjectTests/Pods-iOSLHQProjectTests.debug.xcconfig"; sourceTree = "<group>"; };
		9C2B81B0CDC8293DB9824FA1 /* Pods-iOSLHQProject.release.xcconfig */ = {isa = PBXFileReference; includeInIndex = 1; lastKnownFileType = text.xcconfig; name = "Pods-iOSLHQProject.release.xcconfig"; path = "Pods/Target Support Files/Pods-iOSLHQProject/Pods-iOSLHQProject.release.xcconfig"; sourceTree = "<group>"; };
		B5E4AC8C21A02E1E006364ED /* LHQAudioViewController.h */ = {isa = PBXFileReference; lastKnownFileType = sourcecode.c.h; path = LHQAudioViewController.h; sourceTree = "<group>"; };
		B5E4AC8D21A02E1E006364ED /* LHQAudioViewController.m */ = {isa = PBXFileReference; lastKnownFileType = sourcecode.c.objc; path = LHQAudioViewController.m; sourceTree = "<group>"; };
		B5E4AC8E21A02E1E006364ED /* LHQAudioViewController.xib */ = {isa = PBXFileReference; lastKnownFileType = file.xib; path = LHQAudioViewController.xib; sourceTree = "<group>"; };
		BA21B29C218BF0A4002DB83F /* LHQStaticTableVC.h */ = {isa = PBXFileReference; lastKnownFileType = sourcecode.c.h; path = LHQStaticTableVC.h; sourceTree = "<group>"; };
		BA21B29D218BF0A4002DB83F /* LHQStaticTableVC.m */ = {isa = PBXFileReference; lastKnownFileType = sourcecode.c.objc; path = LHQStaticTableVC.m; sourceTree = "<group>"; };
		BA21B29F218BF119002DB83F /* LHQWordItem.h */ = {isa = PBXFileReference; lastKnownFileType = sourcecode.c.h; path = LHQWordItem.h; sourceTree = "<group>"; };
		BA21B2A0218BF119002DB83F /* LHQWordItem.m */ = {isa = PBXFileReference; lastKnownFileType = sourcecode.c.objc; path = LHQWordItem.m; sourceTree = "<group>"; };
		BA21B2A2218BF2F9002DB83F /* LHQWordArrowItem.h */ = {isa = PBXFileReference; lastKnownFileType = sourcecode.c.h; path = LHQWordArrowItem.h; sourceTree = "<group>"; };
		BA21B2A3218BF2F9002DB83F /* LHQWordArrowItem.m */ = {isa = PBXFileReference; lastKnownFileType = sourcecode.c.objc; path = LHQWordArrowItem.m; sourceTree = "<group>"; };
		BA21B2A5218BF364002DB83F /* LHQItemSection.h */ = {isa = PBXFileReference; lastKnownFileType = sourcecode.c.h; path = LHQItemSection.h; sourceTree = "<group>"; };
		BA21B2A6218BF364002DB83F /* LHQItemSection.m */ = {isa = PBXFileReference; lastKnownFileType = sourcecode.c.objc; path = LHQItemSection.m; sourceTree = "<group>"; };
		BA21B2A8218BF54F002DB83F /* LHQSettingCell.h */ = {isa = PBXFileReference; lastKnownFileType = sourcecode.c.h; path = LHQSettingCell.h; sourceTree = "<group>"; };
		BA21B2A9218BF54F002DB83F /* LHQSettingCell.m */ = {isa = PBXFileReference; lastKnownFileType = sourcecode.c.objc; path = LHQSettingCell.m; sourceTree = "<group>"; };
		BA65D65F21902B4B0046B132 /* LHQVerticalFlowLayout.h */ = {isa = PBXFileReference; lastKnownFileType = sourcecode.c.h; path = LHQVerticalFlowLayout.h; sourceTree = "<group>"; };
		BA65D66021902B4B0046B132 /* LHQVerticalFlowLayout.m */ = {isa = PBXFileReference; lastKnownFileType = sourcecode.c.objc; path = LHQVerticalFlowLayout.m; sourceTree = "<group>"; };
		BA65D66221902EF20046B132 /* LHQHorizontalFlowLayout.h */ = {isa = PBXFileReference; lastKnownFileType = sourcecode.c.h; path = LHQHorizontalFlowLayout.h; sourceTree = "<group>"; };
		BA65D66321902EF20046B132 /* LHQHorizontalFlowLayout.m */ = {isa = PBXFileReference; lastKnownFileType = sourcecode.c.objc; path = LHQHorizontalFlowLayout.m; sourceTree = "<group>"; };
		BA65D665219033310046B132 /* LHQElementsFlowLayout.h */ = {isa = PBXFileReference; lastKnownFileType = sourcecode.c.h; path = LHQElementsFlowLayout.h; sourceTree = "<group>"; };
		BA65D666219033310046B132 /* LHQElementsFlowLayout.m */ = {isa = PBXFileReference; lastKnownFileType = sourcecode.c.objc; path = LHQElementsFlowLayout.m; sourceTree = "<group>"; };
		BA65D668219036020046B132 /* LHQCollectionVC.h */ = {isa = PBXFileReference; lastKnownFileType = sourcecode.c.h; path = LHQCollectionVC.h; sourceTree = "<group>"; };
		BA65D669219036020046B132 /* LHQCollectionVC.m */ = {isa = PBXFileReference; lastKnownFileType = sourcecode.c.objc; path = LHQCollectionVC.m; sourceTree = "<group>"; };
		BA65D66B21904B8F0046B132 /* LHQRefreshTableViewVC.h */ = {isa = PBXFileReference; lastKnownFileType = sourcecode.c.h; path = LHQRefreshTableViewVC.h; sourceTree = "<group>"; };
		BA65D66C21904B8F0046B132 /* LHQRefreshTableViewVC.m */ = {isa = PBXFileReference; lastKnownFileType = sourcecode.c.objc; path = LHQRefreshTableViewVC.m; sourceTree = "<group>"; };
		BA65D66E21904C420046B132 /* LHQNormalRefreshHeader.h */ = {isa = PBXFileReference; lastKnownFileType = sourcecode.c.h; path = LHQNormalRefreshHeader.h; sourceTree = "<group>"; };
		BA65D66F21904C420046B132 /* LHQNormalRefreshHeader.m */ = {isa = PBXFileReference; lastKnownFileType = sourcecode.c.objc; path = LHQNormalRefreshHeader.m; sourceTree = "<group>"; };
		BA65D67121904D6B0046B132 /* LHQAutoRefreshFooter.h */ = {isa = PBXFileReference; lastKnownFileType = sourcecode.c.h; path = LHQAutoRefreshFooter.h; sourceTree = "<group>"; };
		BA65D67221904D6B0046B132 /* LHQAutoRefreshFooter.m */ = {isa = PBXFileReference; lastKnownFileType = sourcecode.c.objc; path = LHQAutoRefreshFooter.m; sourceTree = "<group>"; };
		BA7F2C81218A9EED00DBE4B7 /* LHQiOSProject.pch */ = {isa = PBXFileReference; lastKnownFileType = sourcecode.c.h; path = LHQiOSProject.pch; sourceTree = "<group>"; };
		BA7F2C8E218AA44900DBE4B7 /* LHQNavigationBar.h */ = {isa = PBXFileReference; lastKnownFileType = sourcecode.c.h; path = LHQNavigationBar.h; sourceTree = "<group>"; };
		BA7F2C8F218AA44900DBE4B7 /* LHQNavigationBar.m */ = {isa = PBXFileReference; lastKnownFileType = sourcecode.c.objc; path = LHQNavigationBar.m; sourceTree = "<group>"; };
		BA7F2C94218ACABB00DBE4B7 /* UIView+Frame.h */ = {isa = PBXFileReference; lastKnownFileType = sourcecode.c.h; path = "UIView+Frame.h"; sourceTree = "<group>"; };
		BA7F2C95218ACABB00DBE4B7 /* UIView+Frame.m */ = {isa = PBXFileReference; lastKnownFileType = sourcecode.c.objc; path = "UIView+Frame.m"; sourceTree = "<group>"; };
		BA7F2C97218AD64400DBE4B7 /* UIColor+Random.h */ = {isa = PBXFileReference; fileEncoding = 4; lastKnownFileType = sourcecode.c.h; path = "UIColor+Random.h"; sourceTree = "<group>"; };
		BA7F2C99218AD64400DBE4B7 /* UIColor+Random.m */ = {isa = PBXFileReference; fileEncoding = 4; lastKnownFileType = sourcecode.c.objc; path = "UIColor+Random.m"; sourceTree = "<group>"; };
		BA7F2C9D218AD6AB00DBE4B7 /* MBProgressHUD+Extension.h */ = {isa = PBXFileReference; lastKnownFileType = sourcecode.c.h; path = "MBProgressHUD+Extension.h"; sourceTree = "<group>"; };
		BA7F2C9E218AD6AB00DBE4B7 /* MBProgressHUD+Extension.m */ = {isa = PBXFileReference; lastKnownFileType = sourcecode.c.objc; path = "MBProgressHUD+Extension.m"; sourceTree = "<group>"; };
		BA7F2CA0218AD7FA00DBE4B7 /* LHQRequestManager.h */ = {isa = PBXFileReference; fileEncoding = 4; lastKnownFileType = sourcecode.c.h; path = LHQRequestManager.h; sourceTree = "<group>"; };
		BA7F2CA1218AD7FA00DBE4B7 /* LHQRequestManager.m */ = {isa = PBXFileReference; fileEncoding = 4; lastKnownFileType = sourcecode.c.objc; path = LHQRequestManager.m; sourceTree = "<group>"; };
		BA7F2CA2218AD7FB00DBE4B7 /* LHQBaseRequest.m */ = {isa = PBXFileReference; fileEncoding = 4; lastKnownFileType = sourcecode.c.objc; path = LHQBaseRequest.m; sourceTree = "<group>"; };
		BA7F2CA3218AD7FB00DBE4B7 /* LHQBaseResponse.h */ = {isa = PBXFileReference; fileEncoding = 4; lastKnownFileType = sourcecode.c.h; path = LHQBaseResponse.h; sourceTree = "<group>"; };
		BA7F2CA4218AD7FB00DBE4B7 /* LHQBaseResponse.m */ = {isa = PBXFileReference; fileEncoding = 4; lastKnownFileType = sourcecode.c.objc; path = LHQBaseResponse.m; sourceTree = "<group>"; };
		BA7F2CA5218AD7FB00DBE4B7 /* LHQBaseRequest.h */ = {isa = PBXFileReference; fileEncoding = 4; lastKnownFileType = sourcecode.c.h; path = LHQBaseRequest.h; sourceTree = "<group>"; };
		BA7F2CAC218ADF8200DBE4B7 /* LHQNavigationVC.h */ = {isa = PBXFileReference; lastKnownFileType = sourcecode.c.h; path = LHQNavigationVC.h; sourceTree = "<group>"; };
		BA7F2CAD218ADF8200DBE4B7 /* LHQNavigationVC.m */ = {isa = PBXFileReference; lastKnownFileType = sourcecode.c.objc; path = LHQNavigationVC.m; sourceTree = "<group>"; };
		BA7F2CAF218AE05900DBE4B7 /* LHQNavUIBaseVC.h */ = {isa = PBXFileReference; lastKnownFileType = sourcecode.c.h; path = LHQNavUIBaseVC.h; sourceTree = "<group>"; };
		BA7F2CB0218AE05900DBE4B7 /* LHQNavUIBaseVC.m */ = {isa = PBXFileReference; lastKnownFileType = sourcecode.c.objc; path = LHQNavUIBaseVC.m; sourceTree = "<group>"; };
		BA7F2CB2218AF0FE00DBE4B7 /* LHQTextViewVC.h */ = {isa = PBXFileReference; lastKnownFileType = sourcecode.c.h; path = LHQTextViewVC.h; sourceTree = "<group>"; };
		BA7F2CB3218AF0FE00DBE4B7 /* LHQTextViewVC.m */ = {isa = PBXFileReference; lastKnownFileType = sourcecode.c.objc; path = LHQTextViewVC.m; sourceTree = "<group>"; };
		BA7F2CB5218AF49C00DBE4B7 /* LHQRequestBaseVC.h */ = {isa = PBXFileReference; lastKnownFileType = sourcecode.c.h; path = LHQRequestBaseVC.h; sourceTree = "<group>"; };
		BA7F2CB6218AF49C00DBE4B7 /* LHQRequestBaseVC.m */ = {isa = PBXFileReference; lastKnownFileType = sourcecode.c.objc; path = LHQRequestBaseVC.m; sourceTree = "<group>"; };
		BA7F2CB8218AF8D100DBE4B7 /* LHQBaseViewVC.h */ = {isa = PBXFileReference; lastKnownFileType = sourcecode.c.h; path = LHQBaseViewVC.h; sourceTree = "<group>"; };
		BA7F2CB9218AF8D100DBE4B7 /* LHQBaseViewVC.m */ = {isa = PBXFileReference; lastKnownFileType = sourcecode.c.objc; path = LHQBaseViewVC.m; sourceTree = "<group>"; };
		BA7F2CBB218AFA0100DBE4B7 /* LHQTableViewVC.h */ = {isa = PBXFileReference; lastKnownFileType = sourcecode.c.h; path = LHQTableViewVC.h; sourceTree = "<group>"; };
		BA7F2CBC218AFA0100DBE4B7 /* LHQTableViewVC.m */ = {isa = PBXFileReference; lastKnownFileType = sourcecode.c.objc; path = LHQTableViewVC.m; sourceTree = "<group>"; };
		BA94EEF42189B2F4006952FB /* iOSLHQProject.app */ = {isa = PBXFileReference; explicitFileType = wrapper.application; includeInIndex = 0; path = iOSLHQProject.app; sourceTree = BUILT_PRODUCTS_DIR; };
		BA94EEF72189B2F4006952FB /* LHQAppDelegate.h */ = {isa = PBXFileReference; lastKnownFileType = sourcecode.c.h; path = LHQAppDelegate.h; sourceTree = "<group>"; };
		BA94EEF82189B2F4006952FB /* LHQAppDelegate.m */ = {isa = PBXFileReference; lastKnownFileType = sourcecode.c.objc; path = LHQAppDelegate.m; sourceTree = "<group>"; };
		BA94EEFE2189B2F4006952FB /* Base */ = {isa = PBXFileReference; lastKnownFileType = file.storyboard; name = Base; path = Base.lproj/Main.storyboard; sourceTree = "<group>"; };
		BA94EF002189B2F8006952FB /* Assets.xcassets */ = {isa = PBXFileReference; lastKnownFileType = folder.assetcatalog; path = Assets.xcassets; sourceTree = "<group>"; };
		BA94EF032189B2F8006952FB /* Base */ = {isa = PBXFileReference; lastKnownFileType = file.storyboard; name = Base; path = Base.lproj/LaunchScreen.storyboard; sourceTree = "<group>"; };
		BA94EF052189B2F8006952FB /* Info.plist */ = {isa = PBXFileReference; lastKnownFileType = text.plist.xml; path = Info.plist; sourceTree = "<group>"; };
		BA94EF062189B2F8006952FB /* main.m */ = {isa = PBXFileReference; lastKnownFileType = sourcecode.c.objc; path = main.m; sourceTree = "<group>"; };
		BA94EF0C2189B2F8006952FB /* iOSLHQProjectTests.xctest */ = {isa = PBXFileReference; explicitFileType = wrapper.cfbundle; includeInIndex = 0; path = iOSLHQProjectTests.xctest; sourceTree = BUILT_PRODUCTS_DIR; };
		BA94EF102189B2F8006952FB /* iOSLHQProjectTests.m */ = {isa = PBXFileReference; lastKnownFileType = sourcecode.c.objc; path = iOSLHQProjectTests.m; sourceTree = "<group>"; };
		BA94EF122189B2F8006952FB /* Info.plist */ = {isa = PBXFileReference; lastKnownFileType = text.plist.xml; path = Info.plist; sourceTree = "<group>"; };
		BA94EF172189B2F8006952FB /* iOSLHQProjectUITests.xctest */ = {isa = PBXFileReference; explicitFileType = wrapper.cfbundle; includeInIndex = 0; path = iOSLHQProjectUITests.xctest; sourceTree = BUILT_PRODUCTS_DIR; };
		BA94EF1B2189B2F8006952FB /* iOSLHQProjectUITests.m */ = {isa = PBXFileReference; lastKnownFileType = sourcecode.c.objc; path = iOSLHQProjectUITests.m; sourceTree = "<group>"; };
		BA94EF1D2189B2F8006952FB /* Info.plist */ = {isa = PBXFileReference; lastKnownFileType = text.plist.xml; path = Info.plist; sourceTree = "<group>"; };
		BAA1D0EF2191254A005B7422 /* LHQRefreshCollectionViewVC.h */ = {isa = PBXFileReference; lastKnownFileType = sourcecode.c.h; path = LHQRefreshCollectionViewVC.h; sourceTree = "<group>"; };
		BAA1D0F02191254A005B7422 /* LHQRefreshCollectionViewVC.m */ = {isa = PBXFileReference; lastKnownFileType = sourcecode.c.objc; path = LHQRefreshCollectionViewVC.m; sourceTree = "<group>"; };
		BAA1D0F3219134B2005B7422 /* LHQTabBarVC.h */ = {isa = PBXFileReference; lastKnownFileType = sourcecode.c.h; path = LHQTabBarVC.h; sourceTree = "<group>"; };
		BAA1D0F4219134B2005B7422 /* LHQTabBarVC.m */ = {isa = PBXFileReference; lastKnownFileType = sourcecode.c.objc; path = LHQTabBarVC.m; sourceTree = "<group>"; };
		BAA1D0F621913512005B7422 /* LHQHomeViewVC.h */ = {isa = PBXFileReference; lastKnownFileType = sourcecode.c.h; path = LHQHomeViewVC.h; sourceTree = "<group>"; };
		BAA1D0F721913512005B7422 /* LHQHomeViewVC.m */ = {isa = PBXFileReference; lastKnownFileType = sourcecode.c.objc; path = LHQHomeViewVC.m; sourceTree = "<group>"; };
		BAA1D0F921913537005B7422 /* LHQMessageViewVC.h */ = {isa = PBXFileReference; lastKnownFileType = sourcecode.c.h; path = LHQMessageViewVC.h; sourceTree = "<group>"; };
		BAA1D0FA21913537005B7422 /* LHQMessageViewVC.m */ = {isa = PBXFileReference; lastKnownFileType = sourcecode.c.objc; path = LHQMessageViewVC.m; sourceTree = "<group>"; };
		BAA1D0FC2191354F005B7422 /* LHQMeViewVC.h */ = {isa = PBXFileReference; lastKnownFileType = sourcecode.c.h; path = LHQMeViewVC.h; sourceTree = "<group>"; };
		BAA1D0FD2191354F005B7422 /* LHQMeViewVC.m */ = {isa = PBXFileReference; lastKnownFileType = sourcecode.c.objc; path = LHQMeViewVC.m; sourceTree = "<group>"; };
		BAA1D0FF21913CAE005B7422 /* LHQMainViewVC.h */ = {isa = PBXFileReference; lastKnownFileType = sourcecode.c.h; path = LHQMainViewVC.h; sourceTree = "<group>"; };
		BAA1D10021913CAE005B7422 /* LHQMainViewVC.m */ = {isa = PBXFileReference; lastKnownFileType = sourcecode.c.objc; path = LHQMainViewVC.m; sourceTree = "<group>"; };
		BAA1D10221914628005B7422 /* LHQLeftSlideVC.h */ = {isa = PBXFileReference; lastKnownFileType = sourcecode.c.h; path = LHQLeftSlideVC.h; sourceTree = "<group>"; };
		BAA1D10321914628005B7422 /* LHQLeftSlideVC.m */ = {isa = PBXFileReference; lastKnownFileType = sourcecode.c.objc; path = LHQLeftSlideVC.m; sourceTree = "<group>"; };
		BAA1D10521919449005B7422 /* NSDate+Utilities.h */ = {isa = PBXFileReference; fileEncoding = 4; lastKnownFileType = sourcecode.c.h; path = "NSDate+Utilities.h"; sourceTree = "<group>"; };
		BAA1D10621919449005B7422 /* NSDate+Utilities.m */ = {isa = PBXFileReference; fileEncoding = 4; lastKnownFileType = sourcecode.c.objc; path = "NSDate+Utilities.m"; sourceTree = "<group>"; };
		DF4B9A7FCB0EAC322478515E /* libPods-iOSLHQProject.a */ = {isa = PBXFileReference; explicitFileType = archive.ar; includeInIndex = 0; path = "libPods-iOSLHQProject.a"; sourceTree = BUILT_PRODUCTS_DIR; };
		E31F5B047DC7808A1333BC75 /* Pods-iOSLHQProjectTests.release.xcconfig */ = {isa = PBXFileReference; includeInIndex = 1; lastKnownFileType = text.xcconfig; name = "Pods-iOSLHQProjectTests.release.xcconfig"; path = "Pods/Target Support Files/Pods-iOSLHQProjectTests/Pods-iOSLHQProjectTests.release.xcconfig"; sourceTree = "<group>"; };
		F2BD98021FADACBB876D6B07 /* libPods-iOSLHQProjectUITests.a */ = {isa = PBXFileReference; explicitFileType = archive.ar; includeInIndex = 0; path = "libPods-iOSLHQProjectUITests.a"; sourceTree = BUILT_PRODUCTS_DIR; };
/* End PBXFileReference section */

/* Begin PBXFrameworksBuildPhase section */
		BA94EEF12189B2F4006952FB /* Frameworks */ = {
			isa = PBXFrameworksBuildPhase;
			buildActionMask = 2147483647;
			files = (
				ECF76A93B5914666276A9361 /* libPods-iOSLHQProject.a in Frameworks */,
				3E19792321B7BD5400B798EB /* lame.framework in Frameworks */,
			);
			runOnlyForDeploymentPostprocessing = 0;
		};
		BA94EF092189B2F8006952FB /* Frameworks */ = {
			isa = PBXFrameworksBuildPhase;
			buildActionMask = 2147483647;
			files = (
				C1BFB8ADC4AC1EA558A49E35 /* libPods-iOSLHQProjectTests.a in Frameworks */,
			);
			runOnlyForDeploymentPostprocessing = 0;
		};
		BA94EF142189B2F8006952FB /* Frameworks */ = {
			isa = PBXFrameworksBuildPhase;
			buildActionMask = 2147483647;
			files = (
				E19308F8A9605E676FE5859D /* libPods-iOSLHQProjectUITests.a in Frameworks */,
			);
			runOnlyForDeploymentPostprocessing = 0;
		};
/* End PBXFrameworksBuildPhase section */

/* Begin PBXGroup section */
		0ED2F5C7EB3B95B2DC75779F /* Pods */ = {
			isa = PBXGroup;
			children = (
				81345AF9BDABDE5079C632B2 /* Pods-iOSLHQProject.debug.xcconfig */,
				9C2B81B0CDC8293DB9824FA1 /* Pods-iOSLHQProject.release.xcconfig */,
				9348A350A515967F17BCC6AD /* Pods-iOSLHQProjectTests.debug.xcconfig */,
				E31F5B047DC7808A1333BC75 /* Pods-iOSLHQProjectTests.release.xcconfig */,
				2B9AB57AF026A6A5C471A8A3 /* Pods-iOSLHQProjectUITests.debug.xcconfig */,
				195117ADA40471B0313FAF9E /* Pods-iOSLHQProjectUITests.release.xcconfig */,
			);
			name = Pods;
			sourceTree = "<group>";
		};
		3E19791221B7B91D00B798EB /* Helper */ = {
			isa = PBXGroup;
			children = (
				3E31A16721CA13E5004453D4 /* joson */,
				3E19792E21B7D65300B798EB /* DatabaseManager */,
				3E19792421B7BDCC00B798EB /* Alert */,
				3E19792121B7BCF600B798EB /* Audio */,
			);
			path = Helper;
			sourceTree = "<group>";
		};
		3E19792121B7BCF600B798EB /* Audio */ = {
			isa = PBXGroup;
			children = (
				3E19792221B7BD5400B798EB /* lame.framework */,
				3E19791621B7B99600B798EB /* LHQAudioPlayer.h */,
				3E19791321B7B99600B798EB /* LHQAudioPlayer.m */,
				3E19791421B7B99600B798EB /* LHQTimer.h */,
				3E19791521B7B99600B798EB /* LHQTimer.m */,
				3E19791B21B7BBF300B798EB /* LHQRecorder.h */,
				3E19791921B7BBF300B798EB /* LHQRecorder.m */,
				3E19791A21B7BBF300B798EB /* LHQThread.h */,
				3E19791C21B7BBF300B798EB /* LHQThread.m */,
			);
			path = Audio;
			sourceTree = "<group>";
		};
		3E19792421B7BDCC00B798EB /* Alert */ = {
			isa = PBXGroup;
			children = (
				3E19792521B7BDE700B798EB /* LHQAlertViewService.h */,
				3E19792621B7BDE700B798EB /* LHQAlertViewService.m */,
			);
			path = Alert;
			sourceTree = "<group>";
		};
		3E19792E21B7D65300B798EB /* DatabaseManager */ = {
			isa = PBXGroup;
			children = (
				3E19792F21B7D65300B798EB /* DPDatabaseManager.h */,
				3E19793021B7D65300B798EB /* DPDatabaseManager.m */,
				3E19793121B7D65300B798EB /* DPDatabaseUtils.h */,
				3E19793221B7D65300B798EB /* DPDatabaseUtils.m */,
			);
			path = DatabaseManager;
			sourceTree = "<group>";
		};
		3E22AD0E21D465F90019EC13 /* Tool */ = {
			isa = PBXGroup;
			children = (
				3E22AD0F21D4661E0019EC13 /* LHQCaptureTool */,
			);
			path = Tool;
			sourceTree = "<group>";
		};
		3E22AD0F21D4661E0019EC13 /* LHQCaptureTool */ = {
			isa = PBXGroup;
			children = (
				3E22AD1A21D471D20019EC13 /* LHQCameraTool.h */,
				3E22AD1921D471D20019EC13 /* LHQCameraTool.m */,
				3E1BD66521DEFA0900BFB9D8 /* LHQRectView.h */,
				3E1BD66621DEFA0900BFB9D8 /* LHQRectView.m */,
				3E22AD1321D46C9B0019EC13 /* LHQCameraMaskingView.h */,
				3E22AD1421D46C9B0019EC13 /* LHQCameraMaskingView.m */,
				3E1BD66B21DF412000BFB9D8 /* LHQCropableView.h */,
				3E1BD66C21DF412000BFB9D8 /* LHQCropableView.m */,
				3E1BD67121DF580F00BFB9D8 /* IMG_0152.JPG */,
			);
			path = LHQCaptureTool;
			sourceTree = "<group>";
		};
		3E2E8FFC21D378D100AD3D24 /* LHQViews */ = {
			isa = PBXGroup;
			children = (
				3E2E8FFD21D378DD00AD3D24 /* Carema */,
			);
			path = LHQViews;
			sourceTree = "<group>";
		};
		3E2E8FFD21D378DD00AD3D24 /* Carema */ = {
			isa = PBXGroup;
			children = (
				3E2E8FFE21D3790700AD3D24 /* LHQMaskingView.h */,
				3E2E8FFF21D3790700AD3D24 /* LHQMaskingView.m */,
			);
			path = Carema;
			sourceTree = "<group>";
		};
		3E31A16721CA13E5004453D4 /* joson */ = {
			isa = PBXGroup;
			children = (
				3E31A18021CA18B3004453D4 /* pao-top */,
				3E31A16821CA13E5004453D4 /* haima */,
			);
			path = joson;
			sourceTree = "<group>";
		};
		3E31A16821CA13E5004453D4 /* haima */ = {
			isa = PBXGroup;
			children = (
				3E31A16921CA13E5004453D4 /* haima.json */,
				3E31A16A21CA13E5004453D4 /* images */,
			);
			path = haima;
			sourceTree = "<group>";
		};
		3E31A16A21CA13E5004453D4 /* images */ = {
			isa = PBXGroup;
			children = (
				3E31A16B21CA13E5004453D4 /* img_0.png */,
				3E31A16C21CA13E5004453D4 /* img_1.png */,
				3E31A16D21CA13E5004453D4 /* img_2.png */,
				3E31A16E21CA13E5004453D4 /* img_3.png */,
			);
			path = images;
			sourceTree = "<group>";
		};
		3E31A18021CA18B3004453D4 /* pao-top */ = {
			isa = PBXGroup;
			children = (
				3E31A18121CA18B3004453D4 /* images */,
				3E31A18621CA18B3004453D4 /* paopao.json */,
			);
			path = "pao-top";
			sourceTree = "<group>";
		};
		3E31A18121CA18B3004453D4 /* images */ = {
			isa = PBXGroup;
			children = (
				3E31A18221CA18B3004453D4 /* paopaoImg_0.png */,
				3E31A18321CA18B3004453D4 /* paopaoImg_1.png */,
				3E31A18421CA18B3004453D4 /* paopaoImg_2.png */,
				3E31A18521CA18B3004453D4 /* paopaoImg_3.png */,
			);
			path = images;
			sourceTree = "<group>";
		};
		3ECE5F1121E74C5200D1C2BD /* Util */ = {
			isa = PBXGroup;
			children = (
				BA7F2C94218ACABB00DBE4B7 /* UIView+Frame.h */,
				BA7F2C95218ACABB00DBE4B7 /* UIView+Frame.m */,
				BA7F2C97218AD64400DBE4B7 /* UIColor+Random.h */,
				BA7F2C99218AD64400DBE4B7 /* UIColor+Random.m */,
				BA7F2C9D218AD6AB00DBE4B7 /* MBProgressHUD+Extension.h */,
				BA7F2C9E218AD6AB00DBE4B7 /* MBProgressHUD+Extension.m */,
				BAA1D10521919449005B7422 /* NSDate+Utilities.h */,
				BAA1D10621919449005B7422 /* NSDate+Utilities.m */,
				3E19792821B7BEB400B798EB /* UIApplication+AppRootViewController.h */,
				3E19792921B7BEB400B798EB /* UIApplication+AppRootViewController.m */,
				3E1BD66E21DF4A9500BFB9D8 /* UIImage+Extension.h */,
				3E1BD66F21DF4A9500BFB9D8 /* UIImage+Extension.m */,
				3ECE5F1C21E7535D00D1C2BD /* NSString+Extension.h */,
				3ECE5F1D21E7535D00D1C2BD /* NSString+Extension.m */,
			);
			path = Util;
			sourceTree = "<group>";
		};
		3ECE5F1221E74CE700D1C2BD /* Addition */ = {
			isa = PBXGroup;
			children = (
				3ECE5F0E21E74B7300D1C2BD /* UIButton+Addition.h */,
				3ECE5F0F21E74B7300D1C2BD /* UIButton+Addition.m */,
				3ECE5F1321E74F9600D1C2BD /* UILabel+Addition.h */,
				3ECE5F1421E74F9600D1C2BD /* UILabel+Addition.m */,
			);
			path = Addition;
			sourceTree = "<group>";
		};
		BA7F2C82218AA06000DBE4B7 /* Classes */ = {
			isa = PBXGroup;
			children = (
				3ECE5F1821E7517400D1C2BD /* LHQAddition.h */,
				BA7F2C83218AA07500DBE4B7 /* Network */,
				BA7F2C84218AA09800DBE4B7 /* Category */,
				3E22AD0E21D465F90019EC13 /* Tool */,
				3E19791221B7B91D00B798EB /* Helper */,
				BA7F2C86218AA0BE00DBE4B7 /* LHQBase */,
				BAA1D0F221913438005B7422 /* LHQMain */,
				BA7F2C87218AA33700DBE4B7 /* LHQControllers */,
				3E2E8FFC21D378D100AD3D24 /* LHQViews */,
				BA7F2C89218AA37500DBE4B7 /* LHQModels */,
			);
			path = Classes;
			sourceTree = "<group>";
		};
		BA7F2C83218AA07500DBE4B7 /* Network */ = {
			isa = PBXGroup;
			children = (
				BA7F2CA5218AD7FB00DBE4B7 /* LHQBaseRequest.h */,
				BA7F2CA2218AD7FB00DBE4B7 /* LHQBaseRequest.m */,
				BA7F2CA3218AD7FB00DBE4B7 /* LHQBaseResponse.h */,
				BA7F2CA4218AD7FB00DBE4B7 /* LHQBaseResponse.m */,
				BA7F2CA0218AD7FA00DBE4B7 /* LHQRequestManager.h */,
				BA7F2CA1218AD7FA00DBE4B7 /* LHQRequestManager.m */,
			);
			path = Network;
			sourceTree = "<group>";
		};
		BA7F2C84218AA09800DBE4B7 /* Category */ = {
			isa = PBXGroup;
			children = (
				3ECE5F1221E74CE700D1C2BD /* Addition */,
				3ECE5F1121E74C5200D1C2BD /* Util */,
			);
			path = Category;
			sourceTree = "<group>";
		};
		BA7F2C86218AA0BE00DBE4B7 /* LHQBase */ = {
			isa = PBXGroup;
			children = (
				BA7F2C8B218AA3BC00DBE4B7 /* BaseControllers */,
				BA7F2C8C218AA3E100DBE4B7 /* BaseViews */,
				BA7F2C8D218AA3F600DBE4B7 /* BaseModels */,
			);
			path = LHQBase;
			sourceTree = "<group>";
		};
		BA7F2C87218AA33700DBE4B7 /* LHQControllers */ = {
			isa = PBXGroup;
			children = (
				BAA1D10221914628005B7422 /* LHQLeftSlideVC.h */,
				BAA1D10321914628005B7422 /* LHQLeftSlideVC.m */,
				BAA1D0F621913512005B7422 /* LHQHomeViewVC.h */,
				BAA1D0F721913512005B7422 /* LHQHomeViewVC.m */,
				BAA1D0F921913537005B7422 /* LHQMessageViewVC.h */,
				BAA1D0FA21913537005B7422 /* LHQMessageViewVC.m */,
				BAA1D0FC2191354F005B7422 /* LHQMeViewVC.h */,
				BAA1D0FD2191354F005B7422 /* LHQMeViewVC.m */,
				B5E4AC8C21A02E1E006364ED /* LHQAudioViewController.h */,
				B5E4AC8D21A02E1E006364ED /* LHQAudioViewController.m */,
				B5E4AC8E21A02E1E006364ED /* LHQAudioViewController.xib */,
				3E12145D21B671110034AB19 /* LHQFSAudioViewController.h */,
				3E12145E21B671110034AB19 /* LHQFSAudioViewController.m */,
				3E19793521B7D7FC00B798EB /* LHQDataBaseViewController.h */,
				3E19793621B7D7FC00B798EB /* LHQDataBaseViewController.m */,
				3E3C096121BA078100CE823D /* LHQSearchBarViewController.h */,
				3E3C096221BA078100CE823D /* LHQSearchBarViewController.m */,
				3E31A16421CA1204004453D4 /* LHQLottieViewController.h */,
				3E31A16521CA1204004453D4 /* LHQLottieViewController.m */,
				3E048A4A21CB389000955A1C /* LHQCameraViewController.h */,
				3E048A4B21CB389000955A1C /* LHQCameraViewController.m */,
				3E22AD1621D470620019EC13 /* LHQCarema2ViewController.h */,
				3E22AD1721D470620019EC13 /* LHQCarema2ViewController.m */,
				3E1BD66821DF362600BFB9D8 /* LHQImageTransformViewController.h */,
				3E1BD66921DF362600BFB9D8 /* LHQImageTransformViewController.m */,
			);
			path = LHQControllers;
			sourceTree = "<group>";
		};
		BA7F2C89218AA37500DBE4B7 /* LHQModels */ = {
			isa = PBXGroup;
			children = (
			);
			name = LHQModels;
			path = LHQViews;
			sourceTree = "<group>";
		};
		BA7F2C8B218AA3BC00DBE4B7 /* BaseControllers */ = {
			isa = PBXGroup;
			children = (
				BA7F2CAC218ADF8200DBE4B7 /* LHQNavigationVC.h */,
				BA7F2CAD218ADF8200DBE4B7 /* LHQNavigationVC.m */,
				BA7F2CAF218AE05900DBE4B7 /* LHQNavUIBaseVC.h */,
				BA7F2CB0218AE05900DBE4B7 /* LHQNavUIBaseVC.m */,
				BA7F2CB2218AF0FE00DBE4B7 /* LHQTextViewVC.h */,
				BA7F2CB3218AF0FE00DBE4B7 /* LHQTextViewVC.m */,
				BA7F2CB5218AF49C00DBE4B7 /* LHQRequestBaseVC.h */,
				BA7F2CB6218AF49C00DBE4B7 /* LHQRequestBaseVC.m */,
				BA7F2CB8218AF8D100DBE4B7 /* LHQBaseViewVC.h */,
				BA7F2CB9218AF8D100DBE4B7 /* LHQBaseViewVC.m */,
				BA7F2CBB218AFA0100DBE4B7 /* LHQTableViewVC.h */,
				BA7F2CBC218AFA0100DBE4B7 /* LHQTableViewVC.m */,
				BA21B29C218BF0A4002DB83F /* LHQStaticTableVC.h */,
				BA21B29D218BF0A4002DB83F /* LHQStaticTableVC.m */,
				BA65D668219036020046B132 /* LHQCollectionVC.h */,
				BA65D669219036020046B132 /* LHQCollectionVC.m */,
				BA65D66B21904B8F0046B132 /* LHQRefreshTableViewVC.h */,
				BA65D66C21904B8F0046B132 /* LHQRefreshTableViewVC.m */,
				BAA1D0EF2191254A005B7422 /* LHQRefreshCollectionViewVC.h */,
				BAA1D0F02191254A005B7422 /* LHQRefreshCollectionViewVC.m */,
			);
			path = BaseControllers;
			sourceTree = "<group>";
		};
		BA7F2C8C218AA3E100DBE4B7 /* BaseViews */ = {
			isa = PBXGroup;
			children = (
				3E3C095F21BA06EE00CE823D /* LHQSearchBar.h */,
				3E3C095E21BA06EE00CE823D /* LHQSearchBar.m */,
				BA7F2C8E218AA44900DBE4B7 /* LHQNavigationBar.h */,
				BA7F2C8F218AA44900DBE4B7 /* LHQNavigationBar.m */,
				BA65D66E21904C420046B132 /* LHQNormalRefreshHeader.h */,
				BA65D66F21904C420046B132 /* LHQNormalRefreshHeader.m */,
				BA65D67121904D6B0046B132 /* LHQAutoRefreshFooter.h */,
				BA65D67221904D6B0046B132 /* LHQAutoRefreshFooter.m */,
				BA21B2A8218BF54F002DB83F /* LHQSettingCell.h */,
				BA21B2A9218BF54F002DB83F /* LHQSettingCell.m */,
				BA65D65F21902B4B0046B132 /* LHQVerticalFlowLayout.h */,
				BA65D66021902B4B0046B132 /* LHQVerticalFlowLayout.m */,
				BA65D66221902EF20046B132 /* LHQHorizontalFlowLayout.h */,
				BA65D66321902EF20046B132 /* LHQHorizontalFlowLayout.m */,
				BA65D665219033310046B132 /* LHQElementsFlowLayout.h */,
				BA65D666219033310046B132 /* LHQElementsFlowLayout.m */,
			);
			path = BaseViews;
			sourceTree = "<group>";
		};
		BA7F2C8D218AA3F600DBE4B7 /* BaseModels */ = {
			isa = PBXGroup;
			children = (
				BA21B29F218BF119002DB83F /* LHQWordItem.h */,
				BA21B2A0218BF119002DB83F /* LHQWordItem.m */,
				BA21B2A2218BF2F9002DB83F /* LHQWordArrowItem.h */,
				BA21B2A3218BF2F9002DB83F /* LHQWordArrowItem.m */,
				BA21B2A5218BF364002DB83F /* LHQItemSection.h */,
				BA21B2A6218BF364002DB83F /* LHQItemSection.m */,
			);
			path = BaseModels;
			sourceTree = "<group>";
		};
		BA94EEEB2189B2F4006952FB = {
			isa = PBXGroup;
			children = (
				BA94EEF62189B2F4006952FB /* iOSLHQProject */,
				BA94EF0F2189B2F8006952FB /* iOSLHQProjectTests */,
				BA94EF1A2189B2F8006952FB /* iOSLHQProjectUITests */,
				BA94EEF52189B2F4006952FB /* Products */,
				0ED2F5C7EB3B95B2DC75779F /* Pods */,
				C307DB285480230252B8E274 /* Frameworks */,
			);
			sourceTree = "<group>";
		};
		BA94EEF52189B2F4006952FB /* Products */ = {
			isa = PBXGroup;
			children = (
				BA94EEF42189B2F4006952FB /* iOSLHQProject.app */,
				BA94EF0C2189B2F8006952FB /* iOSLHQProjectTests.xctest */,
				BA94EF172189B2F8006952FB /* iOSLHQProjectUITests.xctest */,
			);
			name = Products;
			sourceTree = "<group>";
		};
		BA94EEF62189B2F4006952FB /* iOSLHQProject */ = {
			isa = PBXGroup;
			children = (
				BA94EF052189B2F8006952FB /* Info.plist */,
				BA94EF062189B2F8006952FB /* main.m */,
				BA7F2C81218A9EED00DBE4B7 /* LHQiOSProject.pch */,
				BA94EEF72189B2F4006952FB /* LHQAppDelegate.h */,
				BA94EEF82189B2F4006952FB /* LHQAppDelegate.m */,
				BA7F2C82218AA06000DBE4B7 /* Classes */,
				BA94EF002189B2F8006952FB /* Assets.xcassets */,
				BA94EEFD2189B2F4006952FB /* Main.storyboard */,
				BA94EF022189B2F8006952FB /* LaunchScreen.storyboard */,
			);
			path = iOSLHQProject;
			sourceTree = "<group>";
		};
		BA94EF0F2189B2F8006952FB /* iOSLHQProjectTests */ = {
			isa = PBXGroup;
			children = (
				BA94EF102189B2F8006952FB /* iOSLHQProjectTests.m */,
				BA94EF122189B2F8006952FB /* Info.plist */,
			);
			path = iOSLHQProjectTests;
			sourceTree = "<group>";
		};
		BA94EF1A2189B2F8006952FB /* iOSLHQProjectUITests */ = {
			isa = PBXGroup;
			children = (
				BA94EF1B2189B2F8006952FB /* iOSLHQProjectUITests.m */,
				BA94EF1D2189B2F8006952FB /* Info.plist */,
			);
			path = iOSLHQProjectUITests;
			sourceTree = "<group>";
		};
		BAA1D0F221913438005B7422 /* LHQMain */ = {
			isa = PBXGroup;
			children = (
				BAA1D0F3219134B2005B7422 /* LHQTabBarVC.h */,
				BAA1D0F4219134B2005B7422 /* LHQTabBarVC.m */,
				BAA1D0FF21913CAE005B7422 /* LHQMainViewVC.h */,
				BAA1D10021913CAE005B7422 /* LHQMainViewVC.m */,
			);
			path = LHQMain;
			sourceTree = "<group>";
		};
		C307DB285480230252B8E274 /* Frameworks */ = {
			isa = PBXGroup;
			children = (
				DF4B9A7FCB0EAC322478515E /* libPods-iOSLHQProject.a */,
				425E8D2EFE09A57C73A467D9 /* libPods-iOSLHQProjectTests.a */,
				F2BD98021FADACBB876D6B07 /* libPods-iOSLHQProjectUITests.a */,
			);
			name = Frameworks;
			sourceTree = "<group>";
		};
/* End PBXGroup section */

/* Begin PBXNativeTarget section */
		BA94EEF32189B2F4006952FB /* iOSLHQProject */ = {
			isa = PBXNativeTarget;
			buildConfigurationList = BA94EF202189B2F8006952FB /* Build configuration list for PBXNativeTarget "iOSLHQProject" */;
			buildPhases = (
				A7473626EBD5B4F2BB559EBC /* [CP] Check Pods Manifest.lock */,
				BA94EEF02189B2F4006952FB /* Sources */,
				BA94EEF12189B2F4006952FB /* Frameworks */,
				BA94EEF22189B2F4006952FB /* Resources */,
				8BD459DD04332E35762A993E /* [CP] Copy Pods Resources */,
			);
			buildRules = (
			);
			dependencies = (
			);
			name = iOSLHQProject;
			productName = iOSLHQProject;
			productReference = BA94EEF42189B2F4006952FB /* iOSLHQProject.app */;
			productType = "com.apple.product-type.application";
		};
		BA94EF0B2189B2F8006952FB /* iOSLHQProjectTests */ = {
			isa = PBXNativeTarget;
			buildConfigurationList = BA94EF232189B2F8006952FB /* Build configuration list for PBXNativeTarget "iOSLHQProjectTests" */;
			buildPhases = (
				FB88DBF5D7D1338D9979688D /* [CP] Check Pods Manifest.lock */,
				BA94EF082189B2F8006952FB /* Sources */,
				BA94EF092189B2F8006952FB /* Frameworks */,
				BA94EF0A2189B2F8006952FB /* Resources */,
			);
			buildRules = (
			);
			dependencies = (
				BA94EF0E2189B2F8006952FB /* PBXTargetDependency */,
			);
			name = iOSLHQProjectTests;
			productName = iOSLHQProjectTests;
			productReference = BA94EF0C2189B2F8006952FB /* iOSLHQProjectTests.xctest */;
			productType = "com.apple.product-type.bundle.unit-test";
		};
		BA94EF162189B2F8006952FB /* iOSLHQProjectUITests */ = {
			isa = PBXNativeTarget;
			buildConfigurationList = BA94EF262189B2F8006952FB /* Build configuration list for PBXNativeTarget "iOSLHQProjectUITests" */;
			buildPhases = (
				3872465386ABA877FA84A379 /* [CP] Check Pods Manifest.lock */,
				BA94EF132189B2F8006952FB /* Sources */,
				BA94EF142189B2F8006952FB /* Frameworks */,
				BA94EF152189B2F8006952FB /* Resources */,
			);
			buildRules = (
			);
			dependencies = (
				BA94EF192189B2F8006952FB /* PBXTargetDependency */,
			);
			name = iOSLHQProjectUITests;
			productName = iOSLHQProjectUITests;
			productReference = BA94EF172189B2F8006952FB /* iOSLHQProjectUITests.xctest */;
			productType = "com.apple.product-type.bundle.ui-testing";
		};
/* End PBXNativeTarget section */

/* Begin PBXProject section */
		BA94EEEC2189B2F4006952FB /* Project object */ = {
			isa = PBXProject;
			attributes = {
				LastUpgradeCheck = 1000;
				ORGANIZATIONNAME = water;
				TargetAttributes = {
					BA94EEF32189B2F4006952FB = {
						CreatedOnToolsVersion = 10.0;
						ProvisioningStyle = Automatic;
					};
					BA94EF0B2189B2F8006952FB = {
						CreatedOnToolsVersion = 10.0;
						ProvisioningStyle = Automatic;
						TestTargetID = BA94EEF32189B2F4006952FB;
					};
					BA94EF162189B2F8006952FB = {
						CreatedOnToolsVersion = 10.0;
						ProvisioningStyle = Automatic;
						TestTargetID = BA94EEF32189B2F4006952FB;
					};
				};
			};
			buildConfigurationList = BA94EEEF2189B2F4006952FB /* Build configuration list for PBXProject "iOSLHQProject" */;
			compatibilityVersion = "Xcode 8.0";
			developmentRegion = en;
			hasScannedForEncodings = 0;
			knownRegions = (
				en,
				Base,
			);
			mainGroup = BA94EEEB2189B2F4006952FB;
			productRefGroup = BA94EEF52189B2F4006952FB /* Products */;
			projectDirPath = "";
			projectRoot = "";
			targets = (
				BA94EEF32189B2F4006952FB /* iOSLHQProject */,
				BA94EF0B2189B2F8006952FB /* iOSLHQProjectTests */,
				BA94EF162189B2F8006952FB /* iOSLHQProjectUITests */,
			);
		};
/* End PBXProject section */

/* Begin PBXResourcesBuildPhase section */
		BA94EEF22189B2F4006952FB /* Resources */ = {
			isa = PBXResourcesBuildPhase;
			buildActionMask = 2147483647;
			files = (
				3E31A18921CA18B3004453D4 /* paopaoImg_2.png in Resources */,
				3E31A17821CA13E5004453D4 /* img_1.png in Resources */,
				BA94EF042189B2F8006952FB /* LaunchScreen.storyboard in Resources */,
				3E1BD67221DF580F00BFB9D8 /* IMG_0152.JPG in Resources */,
				3E31A18721CA18B3004453D4 /* paopaoImg_0.png in Resources */,
				3E31A17921CA13E5004453D4 /* img_2.png in Resources */,
				3E31A18821CA18B3004453D4 /* paopaoImg_1.png in Resources */,
				B5E4AC9021A02E1E006364ED /* LHQAudioViewController.xib in Resources */,
				3E31A17721CA13E5004453D4 /* img_0.png in Resources */,
				3E31A17621CA13E5004453D4 /* haima.json in Resources */,
				3E31A18B21CA18B3004453D4 /* paopao.json in Resources */,
				BA94EF012189B2F8006952FB /* Assets.xcassets in Resources */,
				3E31A18A21CA18B3004453D4 /* paopaoImg_3.png in Resources */,
				BA94EEFF2189B2F4006952FB /* Main.storyboard in Resources */,
				3E31A17A21CA13E5004453D4 /* img_3.png in Resources */,
			);
			runOnlyForDeploymentPostprocessing = 0;
		};
		BA94EF0A2189B2F8006952FB /* Resources */ = {
			isa = PBXResourcesBuildPhase;
			buildActionMask = 2147483647;
			files = (
			);
			runOnlyForDeploymentPostprocessing = 0;
		};
		BA94EF152189B2F8006952FB /* Resources */ = {
			isa = PBXResourcesBuildPhase;
			buildActionMask = 2147483647;
			files = (
			);
			runOnlyForDeploymentPostprocessing = 0;
		};
/* End PBXResourcesBuildPhase section */

/* Begin PBXShellScriptBuildPhase section */
		3872465386ABA877FA84A379 /* [CP] Check Pods Manifest.lock */ = {
			isa = PBXShellScriptBuildPhase;
			buildActionMask = 2147483647;
			files = (
			);
			inputPaths = (
				"${PODS_PODFILE_DIR_PATH}/Podfile.lock",
				"${PODS_ROOT}/Manifest.lock",
			);
			name = "[CP] Check Pods Manifest.lock";
			outputPaths = (
				"$(DERIVED_FILE_DIR)/Pods-iOSLHQProjectUITests-checkManifestLockResult.txt",
			);
			runOnlyForDeploymentPostprocessing = 0;
			shellPath = /bin/sh;
			shellScript = "diff \"${PODS_PODFILE_DIR_PATH}/Podfile.lock\" \"${PODS_ROOT}/Manifest.lock\" > /dev/null\nif [ $? != 0 ] ; then\n    # print error to STDERR\n    echo \"error: The sandbox is not in sync with the Podfile.lock. Run 'pod install' or update your CocoaPods installation.\" >&2\n    exit 1\nfi\n# This output is used by Xcode 'outputs' to avoid re-running this script phase.\necho \"SUCCESS\" > \"${SCRIPT_OUTPUT_FILE_0}\"\n";
			showEnvVarsInLog = 0;
		};
		8BD459DD04332E35762A993E /* [CP] Copy Pods Resources */ = {
			isa = PBXShellScriptBuildPhase;
			buildActionMask = 2147483647;
			files = (
			);
			inputPaths = (
				"${SRCROOT}/Pods/Target Support Files/Pods-iOSLHQProject/Pods-iOSLHQProject-resources.sh",
				"${PODS_ROOT}/IQKeyboardManager/IQKeyboardManager/Resources/IQKeyboardManager.bundle",
				"${PODS_ROOT}/MJRefresh/MJRefresh/MJRefresh.bundle",
			);
			name = "[CP] Copy Pods Resources";
			outputPaths = (
				"${TARGET_BUILD_DIR}/${UNLOCALIZED_RESOURCES_FOLDER_PATH}/IQKeyboardManager.bundle",
				"${TARGET_BUILD_DIR}/${UNLOCALIZED_RESOURCES_FOLDER_PATH}/MJRefresh.bundle",
			);
			runOnlyForDeploymentPostprocessing = 0;
			shellPath = /bin/sh;
			shellScript = "\"${SRCROOT}/Pods/Target Support Files/Pods-iOSLHQProject/Pods-iOSLHQProject-resources.sh\"\n";
			showEnvVarsInLog = 0;
		};
		A7473626EBD5B4F2BB559EBC /* [CP] Check Pods Manifest.lock */ = {
			isa = PBXShellScriptBuildPhase;
			buildActionMask = 2147483647;
			files = (
			);
			inputPaths = (
				"${PODS_PODFILE_DIR_PATH}/Podfile.lock",
				"${PODS_ROOT}/Manifest.lock",
			);
			name = "[CP] Check Pods Manifest.lock";
			outputPaths = (
				"$(DERIVED_FILE_DIR)/Pods-iOSLHQProject-checkManifestLockResult.txt",
			);
			runOnlyForDeploymentPostprocessing = 0;
			shellPath = /bin/sh;
			shellScript = "diff \"${PODS_PODFILE_DIR_PATH}/Podfile.lock\" \"${PODS_ROOT}/Manifest.lock\" > /dev/null\nif [ $? != 0 ] ; then\n    # print error to STDERR\n    echo \"error: The sandbox is not in sync with the Podfile.lock. Run 'pod install' or update your CocoaPods installation.\" >&2\n    exit 1\nfi\n# This output is used by Xcode 'outputs' to avoid re-running this script phase.\necho \"SUCCESS\" > \"${SCRIPT_OUTPUT_FILE_0}\"\n";
			showEnvVarsInLog = 0;
		};
		FB88DBF5D7D1338D9979688D /* [CP] Check Pods Manifest.lock */ = {
			isa = PBXShellScriptBuildPhase;
			buildActionMask = 2147483647;
			files = (
			);
			inputPaths = (
				"${PODS_PODFILE_DIR_PATH}/Podfile.lock",
				"${PODS_ROOT}/Manifest.lock",
			);
			name = "[CP] Check Pods Manifest.lock";
			outputPaths = (
				"$(DERIVED_FILE_DIR)/Pods-iOSLHQProjectTests-checkManifestLockResult.txt",
			);
			runOnlyForDeploymentPostprocessing = 0;
			shellPath = /bin/sh;
			shellScript = "diff \"${PODS_PODFILE_DIR_PATH}/Podfile.lock\" \"${PODS_ROOT}/Manifest.lock\" > /dev/null\nif [ $? != 0 ] ; then\n    # print error to STDERR\n    echo \"error: The sandbox is not in sync with the Podfile.lock. Run 'pod install' or update your CocoaPods installation.\" >&2\n    exit 1\nfi\n# This output is used by Xcode 'outputs' to avoid re-running this script phase.\necho \"SUCCESS\" > \"${SCRIPT_OUTPUT_FILE_0}\"\n";
			showEnvVarsInLog = 0;
		};
/* End PBXShellScriptBuildPhase section */

/* Begin PBXSourcesBuildPhase section */
		BA94EEF02189B2F4006952FB /* Sources */ = {
			isa = PBXSourcesBuildPhase;
			buildActionMask = 2147483647;
			files = (
				BA21B2A4218BF2F9002DB83F /* LHQWordArrowItem.m in Sources */,
				3E19792721B7BDE700B798EB /* LHQAlertViewService.m in Sources */,
				BA7F2C9C218AD64400DBE4B7 /* UIColor+Random.m in Sources */,
				3ECE5F1021E74B7300D1C2BD /* UIButton+Addition.m in Sources */,
				BA21B2AA218BF54F002DB83F /* LHQSettingCell.m in Sources */,
				3E19791D21B7BBF300B798EB /* LHQRecorder.m in Sources */,
				BA21B2A1218BF119002DB83F /* LHQWordItem.m in Sources */,
				3E19793321B7D65400B798EB /* DPDatabaseManager.m in Sources */,
				BA7F2C96218ACABB00DBE4B7 /* UIView+Frame.m in Sources */,
				BA65D67021904C420046B132 /* LHQNormalRefreshHeader.m in Sources */,
				BA7F2CBA218AF8D100DBE4B7 /* LHQBaseViewVC.m in Sources */,
				BA65D66A219036020046B132 /* LHQCollectionVC.m in Sources */,
				3E31A16621CA1204004453D4 /* LHQLottieViewController.m in Sources */,
				BA7F2CA7218AD7FB00DBE4B7 /* LHQBaseRequest.m in Sources */,
				3E1BD66D21DF412000BFB9D8 /* LHQCropableView.m in Sources */,
				3E19791E21B7BBF300B798EB /* LHQThread.m in Sources */,
				B5E4AC8F21A02E1E006364ED /* LHQAudioViewController.m in Sources */,
				BA94EF072189B2F8006952FB /* main.m in Sources */,
				BA65D667219033310046B132 /* LHQElementsFlowLayout.m in Sources */,
				3E048A4C21CB389000955A1C /* LHQCameraViewController.m in Sources */,
				BA7F2CB4218AF0FE00DBE4B7 /* LHQTextViewVC.m in Sources */,
				3E12145F21B671110034AB19 /* LHQFSAudioViewController.m in Sources */,
				BA65D67321904D6B0046B132 /* LHQAutoRefreshFooter.m in Sources */,
				3E22AD1821D470620019EC13 /* LHQCarema2ViewController.m in Sources */,
				3E1BD66721DEFA0900BFB9D8 /* LHQRectView.m in Sources */,
				BA7F2CA6218AD7FB00DBE4B7 /* LHQRequestManager.m in Sources */,
				BA7F2CB1218AE05900DBE4B7 /* LHQNavUIBaseVC.m in Sources */,
				3E19793721B7D7FC00B798EB /* LHQDataBaseViewController.m in Sources */,
				3E3C096321BA078100CE823D /* LHQSearchBarViewController.m in Sources */,
				BAA1D0F12191254A005B7422 /* LHQRefreshCollectionViewVC.m in Sources */,
				3ECE5F1E21E7535D00D1C2BD /* NSString+Extension.m in Sources */,
				BAA1D0F5219134B2005B7422 /* LHQTabBarVC.m in Sources */,
				3E1BD66A21DF362600BFB9D8 /* LHQImageTransformViewController.m in Sources */,
				3E19793421B7D65400B798EB /* DPDatabaseUtils.m in Sources */,
				BAA1D0FB21913537005B7422 /* LHQMessageViewVC.m in Sources */,
				BA65D66121902B4B0046B132 /* LHQVerticalFlowLayout.m in Sources */,
				BAA1D0FE2191354F005B7422 /* LHQMeViewVC.m in Sources */,
				BA65D66D21904B8F0046B132 /* LHQRefreshTableViewVC.m in Sources */,
				BAA1D10421914628005B7422 /* LHQLeftSlideVC.m in Sources */,
				3ECE5F1521E74F9600D1C2BD /* UILabel+Addition.m in Sources */,
				3E3C096021BA06EE00CE823D /* LHQSearchBar.m in Sources */,
				BA7F2C90218AA44900DBE4B7 /* LHQNavigationBar.m in Sources */,
				BAA1D0F821913512005B7422 /* LHQHomeViewVC.m in Sources */,
				BA65D66421902EF20046B132 /* LHQHorizontalFlowLayout.m in Sources */,
				BAA1D10121913CAE005B7422 /* LHQMainViewVC.m in Sources */,
				BA7F2CB7218AF49C00DBE4B7 /* LHQRequestBaseVC.m in Sources */,
				BA7F2CBD218AFA0100DBE4B7 /* LHQTableViewVC.m in Sources */,
				3E2E900021D3790700AD3D24 /* LHQMaskingView.m in Sources */,
				3E1BD67021DF4A9500BFB9D8 /* UIImage+Extension.m in Sources */,
				3E22AD1B21D471D20019EC13 /* LHQCameraTool.m in Sources */,
				3E19791821B7B99600B798EB /* LHQTimer.m in Sources */,
				BA21B29E218BF0A4002DB83F /* LHQStaticTableVC.m in Sources */,
				BA7F2CAE218ADF8200DBE4B7 /* LHQNavigationVC.m in Sources */,
				BA7F2CA8218AD7FB00DBE4B7 /* LHQBaseResponse.m in Sources */,
				3E22AD1521D46C9B0019EC13 /* LHQCameraMaskingView.m in Sources */,
				BA94EEF92189B2F4006952FB /* LHQAppDelegate.m in Sources */,
				BA7F2C9F218AD6AB00DBE4B7 /* MBProgressHUD+Extension.m in Sources */,
				BA21B2A7218BF364002DB83F /* LHQItemSection.m in Sources */,
				BAA1D10721919449005B7422 /* NSDate+Utilities.m in Sources */,
				3E19792A21B7BEB400B798EB /* UIApplication+AppRootViewController.m in Sources */,
				3E19791721B7B99600B798EB /* LHQAudioPlayer.m in Sources */,
			);
			runOnlyForDeploymentPostprocessing = 0;
		};
		BA94EF082189B2F8006952FB /* Sources */ = {
			isa = PBXSourcesBuildPhase;
			buildActionMask = 2147483647;
			files = (
				BA94EF112189B2F8006952FB /* iOSLHQProjectTests.m in Sources */,
			);
			runOnlyForDeploymentPostprocessing = 0;
		};
		BA94EF132189B2F8006952FB /* Sources */ = {
			isa = PBXSourcesBuildPhase;
			buildActionMask = 2147483647;
			files = (
				BA94EF1C2189B2F8006952FB /* iOSLHQProjectUITests.m in Sources */,
			);
			runOnlyForDeploymentPostprocessing = 0;
		};
/* End PBXSourcesBuildPhase section */

/* Begin PBXTargetDependency section */
		BA94EF0E2189B2F8006952FB /* PBXTargetDependency */ = {
			isa = PBXTargetDependency;
			target = BA94EEF32189B2F4006952FB /* iOSLHQProject */;
			targetProxy = BA94EF0D2189B2F8006952FB /* PBXContainerItemProxy */;
		};
		BA94EF192189B2F8006952FB /* PBXTargetDependency */ = {
			isa = PBXTargetDependency;
			target = BA94EEF32189B2F4006952FB /* iOSLHQProject */;
			targetProxy = BA94EF182189B2F8006952FB /* PBXContainerItemProxy */;
		};
/* End PBXTargetDependency section */

/* Begin PBXVariantGroup section */
		BA94EEFD2189B2F4006952FB /* Main.storyboard */ = {
			isa = PBXVariantGroup;
			children = (
				BA94EEFE2189B2F4006952FB /* Base */,
			);
			name = Main.storyboard;
			sourceTree = "<group>";
		};
		BA94EF022189B2F8006952FB /* LaunchScreen.storyboard */ = {
			isa = PBXVariantGroup;
			children = (
				BA94EF032189B2F8006952FB /* Base */,
			);
			name = LaunchScreen.storyboard;
			sourceTree = "<group>";
		};
/* End PBXVariantGroup section */

/* Begin XCBuildConfiguration section */
		BA94EF1E2189B2F8006952FB /* Debug */ = {
			isa = XCBuildConfiguration;
			buildSettings = {
				ALWAYS_SEARCH_USER_PATHS = NO;
				CLANG_ANALYZER_NONNULL = YES;
				CLANG_ANALYZER_NUMBER_OBJECT_CONVERSION = YES_AGGRESSIVE;
				CLANG_CXX_LANGUAGE_STANDARD = "gnu++14";
				CLANG_CXX_LIBRARY = "libc++";
				CLANG_ENABLE_MODULES = YES;
				CLANG_ENABLE_OBJC_ARC = YES;
				CLANG_ENABLE_OBJC_WEAK = YES;
				CLANG_WARN_BLOCK_CAPTURE_AUTORELEASING = YES;
				CLANG_WARN_BOOL_CONVERSION = YES;
				CLANG_WARN_COMMA = YES;
				CLANG_WARN_CONSTANT_CONVERSION = YES;
				CLANG_WARN_DEPRECATED_OBJC_IMPLEMENTATIONS = YES;
				CLANG_WARN_DIRECT_OBJC_ISA_USAGE = YES_ERROR;
				CLANG_WARN_DOCUMENTATION_COMMENTS = YES;
				CLANG_WARN_EMPTY_BODY = YES;
				CLANG_WARN_ENUM_CONVERSION = YES;
				CLANG_WARN_INFINITE_RECURSION = YES;
				CLANG_WARN_INT_CONVERSION = YES;
				CLANG_WARN_NON_LITERAL_NULL_CONVERSION = YES;
				CLANG_WARN_OBJC_IMPLICIT_RETAIN_SELF = YES;
				CLANG_WARN_OBJC_LITERAL_CONVERSION = YES;
				CLANG_WARN_OBJC_ROOT_CLASS = YES_ERROR;
				CLANG_WARN_RANGE_LOOP_ANALYSIS = YES;
				CLANG_WARN_STRICT_PROTOTYPES = YES;
				CLANG_WARN_SUSPICIOUS_MOVE = YES;
				CLANG_WARN_UNGUARDED_AVAILABILITY = YES_AGGRESSIVE;
				CLANG_WARN_UNREACHABLE_CODE = YES;
				CLANG_WARN__DUPLICATE_METHOD_MATCH = YES;
				CODE_SIGN_IDENTITY = "iPhone Developer";
				COPY_PHASE_STRIP = NO;
				DEBUG_INFORMATION_FORMAT = dwarf;
				ENABLE_STRICT_OBJC_MSGSEND = YES;
				ENABLE_TESTABILITY = YES;
				GCC_C_LANGUAGE_STANDARD = gnu11;
				GCC_DYNAMIC_NO_PIC = NO;
				GCC_NO_COMMON_BLOCKS = YES;
				GCC_OPTIMIZATION_LEVEL = 0;
				GCC_PREPROCESSOR_DEFINITIONS = (
					"DEBUG=1",
					"$(inherited)",
				);
				GCC_WARN_64_TO_32_BIT_CONVERSION = YES;
				GCC_WARN_ABOUT_RETURN_TYPE = YES_ERROR;
				GCC_WARN_UNDECLARED_SELECTOR = YES;
				GCC_WARN_UNINITIALIZED_AUTOS = YES_AGGRESSIVE;
				GCC_WARN_UNUSED_FUNCTION = YES;
				GCC_WARN_UNUSED_VARIABLE = YES;
				IPHONEOS_DEPLOYMENT_TARGET = 12.0;
				MTL_ENABLE_DEBUG_INFO = INCLUDE_SOURCE;
				MTL_FAST_MATH = YES;
				ONLY_ACTIVE_ARCH = YES;
				SDKROOT = iphoneos;
			};
			name = Debug;
		};
		BA94EF1F2189B2F8006952FB /* Release */ = {
			isa = XCBuildConfiguration;
			buildSettings = {
				ALWAYS_SEARCH_USER_PATHS = NO;
				CLANG_ANALYZER_NONNULL = YES;
				CLANG_ANALYZER_NUMBER_OBJECT_CONVERSION = YES_AGGRESSIVE;
				CLANG_CXX_LANGUAGE_STANDARD = "gnu++14";
				CLANG_CXX_LIBRARY = "libc++";
				CLANG_ENABLE_MODULES = YES;
				CLANG_ENABLE_OBJC_ARC = YES;
				CLANG_ENABLE_OBJC_WEAK = YES;
				CLANG_WARN_BLOCK_CAPTURE_AUTORELEASING = YES;
				CLANG_WARN_BOOL_CONVERSION = YES;
				CLANG_WARN_COMMA = YES;
				CLANG_WARN_CONSTANT_CONVERSION = YES;
				CLANG_WARN_DEPRECATED_OBJC_IMPLEMENTATIONS = YES;
				CLANG_WARN_DIRECT_OBJC_ISA_USAGE = YES_ERROR;
				CLANG_WARN_DOCUMENTATION_COMMENTS = YES;
				CLANG_WARN_EMPTY_BODY = YES;
				CLANG_WARN_ENUM_CONVERSION = YES;
				CLANG_WARN_INFINITE_RECURSION = YES;
				CLANG_WARN_INT_CONVERSION = YES;
				CLANG_WARN_NON_LITERAL_NULL_CONVERSION = YES;
				CLANG_WARN_OBJC_IMPLICIT_RETAIN_SELF = YES;
				CLANG_WARN_OBJC_LITERAL_CONVERSION = YES;
				CLANG_WARN_OBJC_ROOT_CLASS = YES_ERROR;
				CLANG_WARN_RANGE_LOOP_ANALYSIS = YES;
				CLANG_WARN_STRICT_PROTOTYPES = YES;
				CLANG_WARN_SUSPICIOUS_MOVE = YES;
				CLANG_WARN_UNGUARDED_AVAILABILITY = YES_AGGRESSIVE;
				CLANG_WARN_UNREACHABLE_CODE = YES;
				CLANG_WARN__DUPLICATE_METHOD_MATCH = YES;
				CODE_SIGN_IDENTITY = "iPhone Developer";
				COPY_PHASE_STRIP = NO;
				DEBUG_INFORMATION_FORMAT = "dwarf-with-dsym";
				ENABLE_NS_ASSERTIONS = NO;
				ENABLE_STRICT_OBJC_MSGSEND = YES;
				GCC_C_LANGUAGE_STANDARD = gnu11;
				GCC_NO_COMMON_BLOCKS = YES;
				GCC_WARN_64_TO_32_BIT_CONVERSION = YES;
				GCC_WARN_ABOUT_RETURN_TYPE = YES_ERROR;
				GCC_WARN_UNDECLARED_SELECTOR = YES;
				GCC_WARN_UNINITIALIZED_AUTOS = YES_AGGRESSIVE;
				GCC_WARN_UNUSED_FUNCTION = YES;
				GCC_WARN_UNUSED_VARIABLE = YES;
				IPHONEOS_DEPLOYMENT_TARGET = 12.0;
				MTL_ENABLE_DEBUG_INFO = NO;
				MTL_FAST_MATH = YES;
				SDKROOT = iphoneos;
				VALIDATE_PRODUCT = YES;
			};
			name = Release;
		};
		BA94EF212189B2F8006952FB /* Debug */ = {
			isa = XCBuildConfiguration;
			baseConfigurationReference = 81345AF9BDABDE5079C632B2 /* Pods-iOSLHQProject.debug.xcconfig */;
			buildSettings = {
				ASSETCATALOG_COMPILER_APPICON_NAME = AppIcon;
				CODE_SIGN_STYLE = Automatic;
				DEVELOPMENT_TEAM = TDPT6UAW97;
				FRAMEWORK_SEARCH_PATHS = (
					"$(inherited)",
					"$(PROJECT_DIR)/iOSLHQProject/Classes/Helper",
					"$(PROJECT_DIR)/iOSLHQProject/Classes/Helper/Audio",
				);
				GCC_PRECOMPILE_PREFIX_HEADER = YES;
				GCC_PREFIX_HEADER = iOSLHQProject/LHQiOSProject.pch;
				INFOPLIST_FILE = iOSLHQProject/Info.plist;
				IPHONEOS_DEPLOYMENT_TARGET = 8.0;
				LD_RUNPATH_SEARCH_PATHS = "$(inherited) @executable_path/Frameworks";
				PRODUCT_BUNDLE_IDENTIFIER = com.LIN.iOSLHQProject;
				PRODUCT_NAME = "$(TARGET_NAME)";
				TARGETED_DEVICE_FAMILY = 1;
			};
			name = Debug;
		};
		BA94EF222189B2F8006952FB /* Release */ = {
			isa = XCBuildConfiguration;
			baseConfigurationReference = 9C2B81B0CDC8293DB9824FA1 /* Pods-iOSLHQProject.release.xcconfig */;
			buildSettings = {
				ASSETCATALOG_COMPILER_APPICON_NAME = AppIcon;
				CODE_SIGN_STYLE = Automatic;
				DEVELOPMENT_TEAM = TDPT6UAW97;
				FRAMEWORK_SEARCH_PATHS = (
					"$(inherited)",
					"$(PROJECT_DIR)/iOSLHQProject/Classes/Helper",
					"$(PROJECT_DIR)/iOSLHQProject/Classes/Helper/Audio",
				);
				GCC_PRECOMPILE_PREFIX_HEADER = YES;
				GCC_PREFIX_HEADER = iOSLHQProject/LHQiOSProject.pch;
				INFOPLIST_FILE = iOSLHQProject/Info.plist;
				IPHONEOS_DEPLOYMENT_TARGET = 8.0;
				LD_RUNPATH_SEARCH_PATHS = "$(inherited) @executable_path/Frameworks";
				PRODUCT_BUNDLE_IDENTIFIER = com.LIN.iOSLHQProject;
				PRODUCT_NAME = "$(TARGET_NAME)";
				TARGETED_DEVICE_FAMILY = 1;
			};
			name = Release;
		};
		BA94EF242189B2F8006952FB /* Debug */ = {
			isa = XCBuildConfiguration;
			baseConfigurationReference = 9348A350A515967F17BCC6AD /* Pods-iOSLHQProjectTests.debug.xcconfig */;
			buildSettings = {
				BUNDLE_LOADER = "$(TEST_HOST)";
				CODE_SIGN_STYLE = Automatic;
				DEVELOPMENT_TEAM = TDPT6UAW97;
				INFOPLIST_FILE = iOSLHQProjectTests/Info.plist;
				LD_RUNPATH_SEARCH_PATHS = "$(inherited) @executable_path/Frameworks @loader_path/Frameworks";
				PRODUCT_BUNDLE_IDENTIFIER = com.iotapk.www.superApp.iOSLHQProjectTests;
				PRODUCT_NAME = "$(TARGET_NAME)";
				TARGETED_DEVICE_FAMILY = "1,2";
				TEST_HOST = "$(BUILT_PRODUCTS_DIR)/iOSLHQProject.app/iOSLHQProject";
			};
			name = Debug;
		};
		BA94EF252189B2F8006952FB /* Release */ = {
			isa = XCBuildConfiguration;
			baseConfigurationReference = E31F5B047DC7808A1333BC75 /* Pods-iOSLHQProjectTests.release.xcconfig */;
			buildSettings = {
				BUNDLE_LOADER = "$(TEST_HOST)";
				CODE_SIGN_STYLE = Automatic;
				DEVELOPMENT_TEAM = TDPT6UAW97;
				INFOPLIST_FILE = iOSLHQProjectTests/Info.plist;
				LD_RUNPATH_SEARCH_PATHS = "$(inherited) @executable_path/Frameworks @loader_path/Frameworks";
				PRODUCT_BUNDLE_IDENTIFIER = com.iotapk.www.superApp.iOSLHQProjectTests;
				PRODUCT_NAME = "$(TARGET_NAME)";
				TARGETED_DEVICE_FAMILY = "1,2";
				TEST_HOST = "$(BUILT_PRODUCTS_DIR)/iOSLHQProject.app/iOSLHQProject";
			};
			name = Release;
		};
		BA94EF272189B2F8006952FB /* Debug */ = {
			isa = XCBuildConfiguration;
			baseConfigurationReference = 2B9AB57AF026A6A5C471A8A3 /* Pods-iOSLHQProjectUITests.debug.xcconfig */;
			buildSettings = {
				CODE_SIGN_STYLE = Automatic;
				DEVELOPMENT_TEAM = TDPT6UAW97;
				INFOPLIST_FILE = iOSLHQProjectUITests/Info.plist;
				LD_RUNPATH_SEARCH_PATHS = "$(inherited) @executable_path/Frameworks @loader_path/Frameworks";
				PRODUCT_BUNDLE_IDENTIFIER = com.iotapk.www.superApp.iOSLHQProjectUITests;
				PRODUCT_NAME = "$(TARGET_NAME)";
				TARGETED_DEVICE_FAMILY = "1,2";
				TEST_TARGET_NAME = iOSLHQProject;
			};
			name = Debug;
		};
		BA94EF282189B2F8006952FB /* Release */ = {
			isa = XCBuildConfiguration;
			baseConfigurationReference = 195117ADA40471B0313FAF9E /* Pods-iOSLHQProjectUITests.release.xcconfig */;
			buildSettings = {
				CODE_SIGN_STYLE = Automatic;
				DEVELOPMENT_TEAM = TDPT6UAW97;
				INFOPLIST_FILE = iOSLHQProjectUITests/Info.plist;
				LD_RUNPATH_SEARCH_PATHS = "$(inherited) @executable_path/Frameworks @loader_path/Frameworks";
				PRODUCT_BUNDLE_IDENTIFIER = com.iotapk.www.superApp.iOSLHQProjectUITests;
				PRODUCT_NAME = "$(TARGET_NAME)";
				TARGETED_DEVICE_FAMILY = "1,2";
				TEST_TARGET_NAME = iOSLHQProject;
			};
			name = Release;
		};
/* End XCBuildConfiguration section */

/* Begin XCConfigurationList section */
		BA94EEEF2189B2F4006952FB /* Build configuration list for PBXProject "iOSLHQProject" */ = {
			isa = XCConfigurationList;
			buildConfigurations = (
				BA94EF1E2189B2F8006952FB /* Debug */,
				BA94EF1F2189B2F8006952FB /* Release */,
			);
			defaultConfigurationIsVisible = 0;
			defaultConfigurationName = Release;
		};
		BA94EF202189B2F8006952FB /* Build configuration list for PBXNativeTarget "iOSLHQProject" */ = {
			isa = XCConfigurationList;
			buildConfigurations = (
				BA94EF212189B2F8006952FB /* Debug */,
				BA94EF222189B2F8006952FB /* Release */,
			);
			defaultConfigurationIsVisible = 0;
			defaultConfigurationName = Release;
		};
		BA94EF232189B2F8006952FB /* Build configuration list for PBXNativeTarget "iOSLHQProjectTests" */ = {
			isa = XCConfigurationList;
			buildConfigurations = (
				BA94EF242189B2F8006952FB /* Debug */,
				BA94EF252189B2F8006952FB /* Release */,
			);
			defaultConfigurationIsVisible = 0;
			defaultConfigurationName = Release;
		};
		BA94EF262189B2F8006952FB /* Build configuration list for PBXNativeTarget "iOSLHQProjectUITests" */ = {
			isa = XCConfigurationList;
			buildConfigurations = (
				BA94EF272189B2F8006952FB /* Debug */,
				BA94EF282189B2F8006952FB /* Release */,
			);
			defaultConfigurationIsVisible = 0;
			defaultConfigurationName = Release;
		};
/* End XCConfigurationList section */
	};
	rootObject = BA94EEEC2189B2F4006952FB /* Project object */;
}
